// !$*UTF8*$!
{
	archiveVersion = 1;
	classes = {
	};
	objectVersion = 55;
	objects = {

/* Begin PBXBuildFile section */
		4C0814ED285E0B1900740CF0 /* TaskDetails.storyboard in Resources */ = {isa = PBXBuildFile; fileRef = 4C0814EC285E0B1900740CF0 /* TaskDetails.storyboard */; };
		4C0814EF285E0B5E00740CF0 /* TaskDetailsView.swift in Sources */ = {isa = PBXBuildFile; fileRef = 4C0814EE285E0B5E00740CF0 /* TaskDetailsView.swift */; };
		4C0814F3285E0BAF00740CF0 /* TaskDetailsViewController.swift in Sources */ = {isa = PBXBuildFile; fileRef = 4C0814F2285E0BAF00740CF0 /* TaskDetailsViewController.swift */; };
		4C0814F8285E101D00740CF0 /* SwitchTableViewCell.swift in Sources */ = {isa = PBXBuildFile; fileRef = 4C0814F6285E101D00740CF0 /* SwitchTableViewCell.swift */; };
		4C0814F9285E101D00740CF0 /* SwitchTableViewCell.xib in Resources */ = {isa = PBXBuildFile; fileRef = 4C0814F7285E101D00740CF0 /* SwitchTableViewCell.xib */; };
		4C0814FB285E109100740CF0 /* SwitchTableViewCellDelegate.swift in Sources */ = {isa = PBXBuildFile; fileRef = 4C0814FA285E109100740CF0 /* SwitchTableViewCellDelegate.swift */; };
		4C0814FF285E125D00740CF0 /* PickerTableViewCell.swift in Sources */ = {isa = PBXBuildFile; fileRef = 4C0814FD285E125D00740CF0 /* PickerTableViewCell.swift */; };
		4C081500285E125D00740CF0 /* PickerTableViewCell.xib in Resources */ = {isa = PBXBuildFile; fileRef = 4C0814FE285E125D00740CF0 /* PickerTableViewCell.xib */; };
		4C081504285E133C00740CF0 /* DatePickerTableViewCell.swift in Sources */ = {isa = PBXBuildFile; fileRef = 4C081502285E133C00740CF0 /* DatePickerTableViewCell.swift */; };
		4C081505285E133C00740CF0 /* DatePickerTableViewCell.xib in Resources */ = {isa = PBXBuildFile; fileRef = 4C081503285E133C00740CF0 /* DatePickerTableViewCell.xib */; };
		4C081509285E143300740CF0 /* PriorityTableViewCell.swift in Sources */ = {isa = PBXBuildFile; fileRef = 4C081507285E143300740CF0 /* PriorityTableViewCell.swift */; };
		4C08150A285E143300740CF0 /* PriorityTableViewCell.xib in Resources */ = {isa = PBXBuildFile; fileRef = 4C081508285E143300740CF0 /* PriorityTableViewCell.xib */; };
		4C08150C285E16DA00740CF0 /* TaskDetailsViewDelegate.swift in Sources */ = {isa = PBXBuildFile; fileRef = 4C08150B285E16DA00740CF0 /* TaskDetailsViewDelegate.swift */; };
		4C08150E285E1C7900740CF0 /* TaskDetailsViewController+TableViewDataSource+TableViewDelegate.swift in Sources */ = {isa = PBXBuildFile; fileRef = 4C08150D285E1C7900740CF0 /* TaskDetailsViewController+TableViewDataSource+TableViewDelegate.swift */; };
		4C081510285E209A00740CF0 /* TaskDetailsViewController+Delegate.swift in Sources */ = {isa = PBXBuildFile; fileRef = 4C08150F285E209A00740CF0 /* TaskDetailsViewController+Delegate.swift */; };
		4C081514285E563200740CF0 /* TextTableViewCell.swift in Sources */ = {isa = PBXBuildFile; fileRef = 4C081512285E563200740CF0 /* TextTableViewCell.swift */; };
		4C081515285E563200740CF0 /* TextTableViewCell.xib in Resources */ = {isa = PBXBuildFile; fileRef = 4C081513285E563200740CF0 /* TextTableViewCell.xib */; };
		4C081519285E573200740CF0 /* ButtonTableViewCell.swift in Sources */ = {isa = PBXBuildFile; fileRef = 4C081517285E573200740CF0 /* ButtonTableViewCell.swift */; };
		4C08151A285E573200740CF0 /* ButtonTableViewCell.xib in Resources */ = {isa = PBXBuildFile; fileRef = 4C081518285E573200740CF0 /* ButtonTableViewCell.xib */; };
		4C08151F285E5EB700740CF0 /* BlueTableViewCell.swift in Sources */ = {isa = PBXBuildFile; fileRef = 4C08151D285E5EB700740CF0 /* BlueTableViewCell.swift */; };
		4C081520285E5EB700740CF0 /* BlueTableViewCell.xib in Resources */ = {isa = PBXBuildFile; fileRef = 4C08151E285E5EB700740CF0 /* BlueTableViewCell.xib */; };
		4C0815272860AA6C00740CF0 /* Test.storyboard in Resources */ = {isa = PBXBuildFile; fileRef = 4C0815262860AA6C00740CF0 /* Test.storyboard */; };
		4C0815292860AA8100740CF0 /* TestViewController.swift in Sources */ = {isa = PBXBuildFile; fileRef = 4C0815282860AA8100740CF0 /* TestViewController.swift */; };
		4C08152C2860AE0000740CF0 /* TaskDetailsTableViewCell.swift in Sources */ = {isa = PBXBuildFile; fileRef = 4C08152B2860AE0000740CF0 /* TaskDetailsTableViewCell.swift */; };
		4C0815322860B3C600740CF0 /* TaskDetailsCell.xib in Resources */ = {isa = PBXBuildFile; fileRef = 4C0815302860B3C600740CF0 /* TaskDetailsCell.xib */; };
		4C0815362860CED900740CF0 /* SwitchTaskDetailsTableViewCell.swift in Sources */ = {isa = PBXBuildFile; fileRef = 4C0815352860CED900740CF0 /* SwitchTaskDetailsTableViewCell.swift */; };
		4C0815382860DA5000740CF0 /* DatePickerTaskDetailsTableViewCell.swift in Sources */ = {isa = PBXBuildFile; fileRef = 4C0815372860DA5000740CF0 /* DatePickerTaskDetailsTableViewCell.swift */; };
		4C08153D2860E2D300740CF0 /* TextFieldTaskDetailsTableViewCell.swift in Sources */ = {isa = PBXBuildFile; fileRef = 4C08153B2860E2D300740CF0 /* TextFieldTaskDetailsTableViewCell.swift */; };
		4C08153E2860E2D300740CF0 /* TextFieldTaskDetailsTableViewCell.xib in Resources */ = {isa = PBXBuildFile; fileRef = 4C08153C2860E2D300740CF0 /* TextFieldTaskDetailsTableViewCell.xib */; };
		4C0815442860FB4200740CF0 /* TagsCollectionViewCell.swift in Sources */ = {isa = PBXBuildFile; fileRef = 4C0815422860FB4200740CF0 /* TagsCollectionViewCell.swift */; };
		4C0815452860FB4200740CF0 /* TagsCollectionViewCell.xib in Resources */ = {isa = PBXBuildFile; fileRef = 4C0815432860FB4200740CF0 /* TagsCollectionViewCell.xib */; };
		4C3560A72859CCD100905E01 /* AppDelegate.swift in Sources */ = {isa = PBXBuildFile; fileRef = 4C3560A62859CCD100905E01 /* AppDelegate.swift */; };
		4C3560A92859CCD100905E01 /* SceneDelegate.swift in Sources */ = {isa = PBXBuildFile; fileRef = 4C3560A82859CCD100905E01 /* SceneDelegate.swift */; };
		4C3560B12859CCD100905E01 /* MC2_Group6.xcdatamodeld in Sources */ = {isa = PBXBuildFile; fileRef = 4C3560AF2859CCD100905E01 /* MC2_Group6.xcdatamodeld */; };
		4C3560B32859CCD200905E01 /* Assets.xcassets in Resources */ = {isa = PBXBuildFile; fileRef = 4C3560B22859CCD200905E01 /* Assets.xcassets */; };
		4C3560B62859CCD200905E01 /* LaunchScreen.storyboard in Resources */ = {isa = PBXBuildFile; fileRef = 4C3560B42859CCD200905E01 /* LaunchScreen.storyboard */; };
		4C3560C42859D14C00905E01 /* ButtonPageViewController.swift in Sources */ = {isa = PBXBuildFile; fileRef = 4C3560C32859D14C00905E01 /* ButtonPageViewController.swift */; };
		4C3560CA285C93CD00905E01 /* UINIB+Loader.swift in Sources */ = {isa = PBXBuildFile; fileRef = 4C3560C9285C93CD00905E01 /* UINIB+Loader.swift */; };
		4C3560CF285C95AB00905E01 /* TaskRepository.swift in Sources */ = {isa = PBXBuildFile; fileRef = 4C3560CE285C95AB00905E01 /* TaskRepository.swift */; };
		4C3560D2285C965500905E01 /* SeederCoreDataStore.swift in Sources */ = {isa = PBXBuildFile; fileRef = 4C3560D1285C965500905E01 /* SeederCoreDataStore.swift */; };
		4C7B0C5B2861EC3600A083CA /* TagsTaskDetailsTableViewCell.swift in Sources */ = {isa = PBXBuildFile; fileRef = 4C7B0C5A2861EC3600A083CA /* TagsTaskDetailsTableViewCell.swift */; };
		4C7B0C772862452700A083CA /* TagsWBCollectionViewCell.xib in Resources */ = {isa = PBXBuildFile; fileRef = 4C7B0C752862452700A083CA /* TagsWBCollectionViewCell.xib */; };
		4C7B0C782862452700A083CA /* TagsWBCollectionViewCell.swift in Sources */ = {isa = PBXBuildFile; fileRef = 4C7B0C762862452700A083CA /* TagsWBCollectionViewCell.swift */; };
		4C7B0C8328624FBF00A083CA /* TestTagCell.swift in Sources */ = {isa = PBXBuildFile; fileRef = 4C7B0C8228624FBF00A083CA /* TestTagCell.swift */; };
		4C7B0C862862554300A083CA /* TagsAltTableViewCell.swift in Sources */ = {isa = PBXBuildFile; fileRef = 4C7B0C842862554300A083CA /* TagsAltTableViewCell.swift */; };
		4C7B0C872862554300A083CA /* TagsAltTableViewCell.xib in Resources */ = {isa = PBXBuildFile; fileRef = 4C7B0C852862554300A083CA /* TagsAltTableViewCell.xib */; };
		4C7B0C8A2862621800A083CA /* TextViewTaskDetailsTableViewCell.swift in Sources */ = {isa = PBXBuildFile; fileRef = 4C7B0C892862621800A083CA /* TextViewTaskDetailsTableViewCell.swift */; };
		4C7B0C902862680200A083CA /* TagsTaskDetailsCollectionViewCell.swift in Sources */ = {isa = PBXBuildFile; fileRef = 4C7B0C8E2862680200A083CA /* TagsTaskDetailsCollectionViewCell.swift */; };
		4C7B0C912862680200A083CA /* TagsTaskDetailsCollectionViewCell.xib in Resources */ = {isa = PBXBuildFile; fileRef = 4C7B0C8F2862680200A083CA /* TagsTaskDetailsCollectionViewCell.xib */; };
		4C7B0C932862690700A083CA /* TagCellDelegate.swift in Sources */ = {isa = PBXBuildFile; fileRef = 4C7B0C922862690700A083CA /* TagCellDelegate.swift */; };
		4C7B0C982862698700A083CA /* TagsTableViewCell.swift in Sources */ = {isa = PBXBuildFile; fileRef = 4C7B0C962862698700A083CA /* TagsTableViewCell.swift */; };
		4C7B0C992862698700A083CA /* TagsTableViewCell.xib in Resources */ = {isa = PBXBuildFile; fileRef = 4C7B0C972862698700A083CA /* TagsTableViewCell.xib */; };
		4C7B0CA12863382B00A083CA /* DeleteTableViewCell.swift in Sources */ = {isa = PBXBuildFile; fileRef = 4C7B0C9F2863382B00A083CA /* DeleteTableViewCell.swift */; };
		4C7B0CA728636EEE00A083CA /* SwitchTaskDetailsTableViewCellDelegate.swift in Sources */ = {isa = PBXBuildFile; fileRef = 4C7B0CA628636EEE00A083CA /* SwitchTaskDetailsTableViewCellDelegate.swift */; };
		4C7B0CA92863A06800A083CA /* SwitchDelegate.swift in Sources */ = {isa = PBXBuildFile; fileRef = 4C7B0CA82863A06800A083CA /* SwitchDelegate.swift */; };
/* End PBXBuildFile section */

/* Begin PBXFileReference section */
		4C0814EC285E0B1900740CF0 /* TaskDetails.storyboard */ = {isa = PBXFileReference; lastKnownFileType = file.storyboard; path = TaskDetails.storyboard; sourceTree = "<group>"; };
		4C0814EE285E0B5E00740CF0 /* TaskDetailsView.swift */ = {isa = PBXFileReference; lastKnownFileType = sourcecode.swift; path = TaskDetailsView.swift; sourceTree = "<group>"; };
		4C0814F2285E0BAF00740CF0 /* TaskDetailsViewController.swift */ = {isa = PBXFileReference; lastKnownFileType = sourcecode.swift; path = TaskDetailsViewController.swift; sourceTree = "<group>"; };
		4C0814F6285E101D00740CF0 /* SwitchTableViewCell.swift */ = {isa = PBXFileReference; lastKnownFileType = sourcecode.swift; path = SwitchTableViewCell.swift; sourceTree = "<group>"; };
		4C0814F7285E101D00740CF0 /* SwitchTableViewCell.xib */ = {isa = PBXFileReference; lastKnownFileType = file.xib; path = SwitchTableViewCell.xib; sourceTree = "<group>"; };
		4C0814FA285E109100740CF0 /* SwitchTableViewCellDelegate.swift */ = {isa = PBXFileReference; lastKnownFileType = sourcecode.swift; path = SwitchTableViewCellDelegate.swift; sourceTree = "<group>"; };
		4C0814FD285E125D00740CF0 /* PickerTableViewCell.swift */ = {isa = PBXFileReference; lastKnownFileType = sourcecode.swift; path = PickerTableViewCell.swift; sourceTree = "<group>"; };
		4C0814FE285E125D00740CF0 /* PickerTableViewCell.xib */ = {isa = PBXFileReference; lastKnownFileType = file.xib; path = PickerTableViewCell.xib; sourceTree = "<group>"; };
		4C081502285E133C00740CF0 /* DatePickerTableViewCell.swift */ = {isa = PBXFileReference; lastKnownFileType = sourcecode.swift; path = DatePickerTableViewCell.swift; sourceTree = "<group>"; };
		4C081503285E133C00740CF0 /* DatePickerTableViewCell.xib */ = {isa = PBXFileReference; lastKnownFileType = file.xib; path = DatePickerTableViewCell.xib; sourceTree = "<group>"; };
		4C081507285E143300740CF0 /* PriorityTableViewCell.swift */ = {isa = PBXFileReference; lastKnownFileType = sourcecode.swift; path = PriorityTableViewCell.swift; sourceTree = "<group>"; };
		4C081508285E143300740CF0 /* PriorityTableViewCell.xib */ = {isa = PBXFileReference; lastKnownFileType = file.xib; path = PriorityTableViewCell.xib; sourceTree = "<group>"; };
		4C08150B285E16DA00740CF0 /* TaskDetailsViewDelegate.swift */ = {isa = PBXFileReference; lastKnownFileType = sourcecode.swift; path = TaskDetailsViewDelegate.swift; sourceTree = "<group>"; };
		4C08150D285E1C7900740CF0 /* TaskDetailsViewController+TableViewDataSource+TableViewDelegate.swift */ = {isa = PBXFileReference; lastKnownFileType = sourcecode.swift; path = "TaskDetailsViewController+TableViewDataSource+TableViewDelegate.swift"; sourceTree = "<group>"; };
		4C08150F285E209A00740CF0 /* TaskDetailsViewController+Delegate.swift */ = {isa = PBXFileReference; lastKnownFileType = sourcecode.swift; path = "TaskDetailsViewController+Delegate.swift"; sourceTree = "<group>"; };
		4C081512285E563200740CF0 /* TextTableViewCell.swift */ = {isa = PBXFileReference; lastKnownFileType = sourcecode.swift; path = TextTableViewCell.swift; sourceTree = "<group>"; };
		4C081513285E563200740CF0 /* TextTableViewCell.xib */ = {isa = PBXFileReference; lastKnownFileType = file.xib; path = TextTableViewCell.xib; sourceTree = "<group>"; };
		4C081517285E573200740CF0 /* ButtonTableViewCell.swift */ = {isa = PBXFileReference; lastKnownFileType = sourcecode.swift; path = ButtonTableViewCell.swift; sourceTree = "<group>"; };
		4C081518285E573200740CF0 /* ButtonTableViewCell.xib */ = {isa = PBXFileReference; lastKnownFileType = file.xib; path = ButtonTableViewCell.xib; sourceTree = "<group>"; };
		4C08151D285E5EB700740CF0 /* BlueTableViewCell.swift */ = {isa = PBXFileReference; lastKnownFileType = sourcecode.swift; path = BlueTableViewCell.swift; sourceTree = "<group>"; };
		4C08151E285E5EB700740CF0 /* BlueTableViewCell.xib */ = {isa = PBXFileReference; lastKnownFileType = file.xib; path = BlueTableViewCell.xib; sourceTree = "<group>"; };
		4C0815262860AA6C00740CF0 /* Test.storyboard */ = {isa = PBXFileReference; lastKnownFileType = file.storyboard; path = Test.storyboard; sourceTree = "<group>"; };
		4C0815282860AA8100740CF0 /* TestViewController.swift */ = {isa = PBXFileReference; lastKnownFileType = sourcecode.swift; path = TestViewController.swift; sourceTree = "<group>"; };
		4C08152B2860AE0000740CF0 /* TaskDetailsTableViewCell.swift */ = {isa = PBXFileReference; lastKnownFileType = sourcecode.swift; path = TaskDetailsTableViewCell.swift; sourceTree = "<group>"; };
		4C0815302860B3C600740CF0 /* TaskDetailsCell.xib */ = {isa = PBXFileReference; lastKnownFileType = file.xib; path = TaskDetailsCell.xib; sourceTree = "<group>"; };
		4C0815352860CED900740CF0 /* SwitchTaskDetailsTableViewCell.swift */ = {isa = PBXFileReference; lastKnownFileType = sourcecode.swift; path = SwitchTaskDetailsTableViewCell.swift; sourceTree = "<group>"; };
		4C0815372860DA5000740CF0 /* DatePickerTaskDetailsTableViewCell.swift */ = {isa = PBXFileReference; lastKnownFileType = sourcecode.swift; path = DatePickerTaskDetailsTableViewCell.swift; sourceTree = "<group>"; };
		4C08153B2860E2D300740CF0 /* TextFieldTaskDetailsTableViewCell.swift */ = {isa = PBXFileReference; lastKnownFileType = sourcecode.swift; path = TextFieldTaskDetailsTableViewCell.swift; sourceTree = "<group>"; };
		4C08153C2860E2D300740CF0 /* TextFieldTaskDetailsTableViewCell.xib */ = {isa = PBXFileReference; lastKnownFileType = file.xib; path = TextFieldTaskDetailsTableViewCell.xib; sourceTree = "<group>"; };
		4C0815422860FB4200740CF0 /* TagsCollectionViewCell.swift */ = {isa = PBXFileReference; lastKnownFileType = sourcecode.swift; path = TagsCollectionViewCell.swift; sourceTree = "<group>"; };
		4C0815432860FB4200740CF0 /* TagsCollectionViewCell.xib */ = {isa = PBXFileReference; lastKnownFileType = file.xib; path = TagsCollectionViewCell.xib; sourceTree = "<group>"; };
		4C3560A32859CCD100905E01 /* MC2-Group6.app */ = {isa = PBXFileReference; explicitFileType = wrapper.application; includeInIndex = 0; path = "MC2-Group6.app"; sourceTree = BUILT_PRODUCTS_DIR; };
		4C3560A62859CCD100905E01 /* AppDelegate.swift */ = {isa = PBXFileReference; lastKnownFileType = sourcecode.swift; path = AppDelegate.swift; sourceTree = "<group>"; };
		4C3560A82859CCD100905E01 /* SceneDelegate.swift */ = {isa = PBXFileReference; lastKnownFileType = sourcecode.swift; path = SceneDelegate.swift; sourceTree = "<group>"; };
		4C3560B02859CCD100905E01 /* MC2_Group6.xcdatamodel */ = {isa = PBXFileReference; lastKnownFileType = wrapper.xcdatamodel; path = MC2_Group6.xcdatamodel; sourceTree = "<group>"; };
		4C3560B22859CCD200905E01 /* Assets.xcassets */ = {isa = PBXFileReference; lastKnownFileType = folder.assetcatalog; path = Assets.xcassets; sourceTree = "<group>"; };
		4C3560B52859CCD200905E01 /* Base */ = {isa = PBXFileReference; lastKnownFileType = file.storyboard; name = Base; path = Base.lproj/LaunchScreen.storyboard; sourceTree = "<group>"; };
		4C3560B72859CCD200905E01 /* Info.plist */ = {isa = PBXFileReference; lastKnownFileType = text.plist.xml; path = Info.plist; sourceTree = "<group>"; };
		4C3560C32859D14C00905E01 /* ButtonPageViewController.swift */ = {isa = PBXFileReference; lastKnownFileType = sourcecode.swift; path = ButtonPageViewController.swift; sourceTree = "<group>"; };
		4C3560C9285C93CD00905E01 /* UINIB+Loader.swift */ = {isa = PBXFileReference; lastKnownFileType = sourcecode.swift; path = "UINIB+Loader.swift"; sourceTree = "<group>"; };
		4C3560CE285C95AB00905E01 /* TaskRepository.swift */ = {isa = PBXFileReference; lastKnownFileType = sourcecode.swift; path = TaskRepository.swift; sourceTree = "<group>"; };
		4C3560D1285C965500905E01 /* SeederCoreDataStore.swift */ = {isa = PBXFileReference; lastKnownFileType = sourcecode.swift; path = SeederCoreDataStore.swift; sourceTree = "<group>"; };
		4C7B0C5A2861EC3600A083CA /* TagsTaskDetailsTableViewCell.swift */ = {isa = PBXFileReference; lastKnownFileType = sourcecode.swift; path = TagsTaskDetailsTableViewCell.swift; sourceTree = "<group>"; };
		4C7B0C752862452700A083CA /* TagsWBCollectionViewCell.xib */ = {isa = PBXFileReference; fileEncoding = 4; lastKnownFileType = file.xib; path = TagsWBCollectionViewCell.xib; sourceTree = "<group>"; };
		4C7B0C762862452700A083CA /* TagsWBCollectionViewCell.swift */ = {isa = PBXFileReference; fileEncoding = 4; lastKnownFileType = sourcecode.swift; path = TagsWBCollectionViewCell.swift; sourceTree = "<group>"; };
		4C7B0C8228624FBF00A083CA /* TestTagCell.swift */ = {isa = PBXFileReference; lastKnownFileType = sourcecode.swift; path = TestTagCell.swift; sourceTree = "<group>"; };
		4C7B0C842862554300A083CA /* TagsAltTableViewCell.swift */ = {isa = PBXFileReference; lastKnownFileType = sourcecode.swift; path = TagsAltTableViewCell.swift; sourceTree = "<group>"; };
		4C7B0C852862554300A083CA /* TagsAltTableViewCell.xib */ = {isa = PBXFileReference; lastKnownFileType = file.xib; path = TagsAltTableViewCell.xib; sourceTree = "<group>"; };
		4C7B0C892862621800A083CA /* TextViewTaskDetailsTableViewCell.swift */ = {isa = PBXFileReference; lastKnownFileType = sourcecode.swift; path = TextViewTaskDetailsTableViewCell.swift; sourceTree = "<group>"; };
		4C7B0C8E2862680200A083CA /* TagsTaskDetailsCollectionViewCell.swift */ = {isa = PBXFileReference; lastKnownFileType = sourcecode.swift; path = TagsTaskDetailsCollectionViewCell.swift; sourceTree = "<group>"; };
		4C7B0C8F2862680200A083CA /* TagsTaskDetailsCollectionViewCell.xib */ = {isa = PBXFileReference; lastKnownFileType = file.xib; path = TagsTaskDetailsCollectionViewCell.xib; sourceTree = "<group>"; };
		4C7B0C922862690700A083CA /* TagCellDelegate.swift */ = {isa = PBXFileReference; lastKnownFileType = sourcecode.swift; path = TagCellDelegate.swift; sourceTree = "<group>"; };
		4C7B0C962862698700A083CA /* TagsTableViewCell.swift */ = {isa = PBXFileReference; lastKnownFileType = sourcecode.swift; path = TagsTableViewCell.swift; sourceTree = "<group>"; };
		4C7B0C972862698700A083CA /* TagsTableViewCell.xib */ = {isa = PBXFileReference; lastKnownFileType = file.xib; path = TagsTableViewCell.xib; sourceTree = "<group>"; };
		4C7B0C9F2863382B00A083CA /* DeleteTableViewCell.swift */ = {isa = PBXFileReference; lastKnownFileType = sourcecode.swift; path = DeleteTableViewCell.swift; sourceTree = "<group>"; };
		4C7B0CA628636EEE00A083CA /* SwitchTaskDetailsTableViewCellDelegate.swift */ = {isa = PBXFileReference; lastKnownFileType = sourcecode.swift; path = SwitchTaskDetailsTableViewCellDelegate.swift; sourceTree = "<group>"; };
		4C7B0CA82863A06800A083CA /* SwitchDelegate.swift */ = {isa = PBXFileReference; lastKnownFileType = sourcecode.swift; path = SwitchDelegate.swift; sourceTree = "<group>"; };
/* End PBXFileReference section */

/* Begin PBXFrameworksBuildPhase section */
		4C3560A02859CCD100905E01 /* Frameworks */ = {
			isa = PBXFrameworksBuildPhase;
			buildActionMask = 2147483647;
			files = (
			);
			runOnlyForDeploymentPostprocessing = 0;
		};
/* End PBXFrameworksBuildPhase section */

/* Begin PBXGroup section */
		4C0814EB285E0B0C00740CF0 /* TaskDetails */ = {
			isa = PBXGroup;
			children = (
				4C0815212860AA2800740CF0 /* Test View */,
				4C0814F1285E0B7000740CF0 /* Controller */,
				4C0814F0285E0B6700740CF0 /* View */,
			);
			path = TaskDetails;
			sourceTree = "<group>";
		};
		4C0814F0285E0B6700740CF0 /* View */ = {
			isa = PBXGroup;
			children = (
				4C0814EC285E0B1900740CF0 /* TaskDetails.storyboard */,
				4C0814EE285E0B5E00740CF0 /* TaskDetailsView.swift */,
				4C08150B285E16DA00740CF0 /* TaskDetailsViewDelegate.swift */,
			);
			path = View;
			sourceTree = "<group>";
		};
		4C0814F1285E0B7000740CF0 /* Controller */ = {
			isa = PBXGroup;
			children = (
				4C0814F2285E0BAF00740CF0 /* TaskDetailsViewController.swift */,
				4C08150F285E209A00740CF0 /* TaskDetailsViewController+Delegate.swift */,
				4C08150D285E1C7900740CF0 /* TaskDetailsViewController+TableViewDataSource+TableViewDelegate.swift */,
			);
			path = Controller;
			sourceTree = "<group>";
		};
		4C0814F4285E0FBC00740CF0 /* UI */ = {
			isa = PBXGroup;
			children = (
				4C08151C285E5EA300740CF0 /* BlueCell */,
				4C08151B285E594E00740CF0 /* TagsCollectionViewCell */,
				4C081516285E571500740CF0 /* ButtonCell */,
				4C081511285E561900740CF0 /* TextCell */,
				4C081506285E142300740CF0 /* PriorityCell */,
				4C081501285E132700740CF0 /* DatePickerCell */,
				4C0814FC285E124000740CF0 /* PickerCell */,
				4C0814F5285E0FC500740CF0 /* SwitchCell */,
			);
			path = UI;
			sourceTree = "<group>";
		};
		4C0814F5285E0FC500740CF0 /* SwitchCell */ = {
			isa = PBXGroup;
			children = (
				4C0814F6285E101D00740CF0 /* SwitchTableViewCell.swift */,
				4C0814F7285E101D00740CF0 /* SwitchTableViewCell.xib */,
				4C0814FA285E109100740CF0 /* SwitchTableViewCellDelegate.swift */,
			);
			path = SwitchCell;
			sourceTree = "<group>";
		};
		4C0814FC285E124000740CF0 /* PickerCell */ = {
			isa = PBXGroup;
			children = (
				4C0814FD285E125D00740CF0 /* PickerTableViewCell.swift */,
				4C0814FE285E125D00740CF0 /* PickerTableViewCell.xib */,
			);
			path = PickerCell;
			sourceTree = "<group>";
		};
		4C081501285E132700740CF0 /* DatePickerCell */ = {
			isa = PBXGroup;
			children = (
				4C081502285E133C00740CF0 /* DatePickerTableViewCell.swift */,
				4C081503285E133C00740CF0 /* DatePickerTableViewCell.xib */,
			);
			path = DatePickerCell;
			sourceTree = "<group>";
		};
		4C081506285E142300740CF0 /* PriorityCell */ = {
			isa = PBXGroup;
			children = (
				4C081507285E143300740CF0 /* PriorityTableViewCell.swift */,
				4C081508285E143300740CF0 /* PriorityTableViewCell.xib */,
			);
			path = PriorityCell;
			sourceTree = "<group>";
		};
		4C081511285E561900740CF0 /* TextCell */ = {
			isa = PBXGroup;
			children = (
				4C081512285E563200740CF0 /* TextTableViewCell.swift */,
				4C081513285E563200740CF0 /* TextTableViewCell.xib */,
			);
			path = TextCell;
			sourceTree = "<group>";
		};
		4C081516285E571500740CF0 /* ButtonCell */ = {
			isa = PBXGroup;
			children = (
				4C081517285E573200740CF0 /* ButtonTableViewCell.swift */,
				4C081518285E573200740CF0 /* ButtonTableViewCell.xib */,
			);
			path = ButtonCell;
			sourceTree = "<group>";
		};
		4C08151B285E594E00740CF0 /* TagsCollectionViewCell */ = {
			isa = PBXGroup;
			children = (
			);
			path = TagsCollectionViewCell;
			sourceTree = "<group>";
		};
		4C08151C285E5EA300740CF0 /* BlueCell */ = {
			isa = PBXGroup;
			children = (
				4C08151D285E5EB700740CF0 /* BlueTableViewCell.swift */,
				4C08151E285E5EB700740CF0 /* BlueTableViewCell.xib */,
			);
			path = BlueCell;
			sourceTree = "<group>";
		};
		4C0815212860AA2800740CF0 /* Test View */ = {
			isa = PBXGroup;
			children = (
				4C7B0CAA2863AD7C00A083CA /* TaskDetailsStruct */,
				4C0815412860FAE800740CF0 /* Tags */,
				4C08152A2860ADC200740CF0 /* Cell */,
				4C0815262860AA6C00740CF0 /* Test.storyboard */,
				4C0815282860AA8100740CF0 /* TestViewController.swift */,
			);
			path = "Test View";
			sourceTree = "<group>";
		};
		4C08152A2860ADC200740CF0 /* Cell */ = {
			isa = PBXGroup;
			children = (
				4C7B0C9E2863381500A083CA /* Delete */,
				4C7B0C8C286267C200A083CA /* TagsCell */,
				4C7B0C8B2862677000A083CA /* TextView */,
				4C7B0C81286247F600A083CA /* TextField */,
				4C7B0C80286247CC00A083CA /* Switch */,
				4C7B0C7F286247BE00A083CA /* TaskDetails */,
				4C7B0C7E2862475A00A083CA /* DatePicker */,
				4C7B0C5A2861EC3600A083CA /* TagsTaskDetailsTableViewCell.swift */,
			);
			path = Cell;
			sourceTree = "<group>";
		};
		4C0815412860FAE800740CF0 /* Tags */ = {
			isa = PBXGroup;
			children = (
				4C7B0C7D286246E800A083CA /* Wb */,
				4C0815422860FB4200740CF0 /* TagsCollectionViewCell.swift */,
				4C0815432860FB4200740CF0 /* TagsCollectionViewCell.xib */,
				4C7B0C8228624FBF00A083CA /* TestTagCell.swift */,
			);
			path = Tags;
			sourceTree = "<group>";
		};
		4C35609A2859CCD100905E01 = {
			isa = PBXGroup;
			children = (
				4C3560A52859CCD100905E01 /* MC2-Group6 */,
				4C3560A42859CCD100905E01 /* Products */,
			);
			sourceTree = "<group>";
		};
		4C3560A42859CCD100905E01 /* Products */ = {
			isa = PBXGroup;
			children = (
				4C3560A32859CCD100905E01 /* MC2-Group6.app */,
			);
			name = Products;
			sourceTree = "<group>";
		};
		4C3560A52859CCD100905E01 /* MC2-Group6 */ = {
			isa = PBXGroup;
			children = (
				4C3560C5285C930E00905E01 /* Feature */,
				4C3560CC285C93F200905E01 /* Themes */,
				4C3560C8285C935300905E01 /* Utilities */,
				4C3560C7285C934E00905E01 /* Helper */,
				4C3560A62859CCD100905E01 /* AppDelegate.swift */,
				4C3560A82859CCD100905E01 /* SceneDelegate.swift */,
				4C3560C32859D14C00905E01 /* ButtonPageViewController.swift */,
				4C3560B22859CCD200905E01 /* Assets.xcassets */,
				4C3560B42859CCD200905E01 /* LaunchScreen.storyboard */,
				4C3560B72859CCD200905E01 /* Info.plist */,
				4C3560AF2859CCD100905E01 /* MC2_Group6.xcdatamodeld */,
			);
			path = "MC2-Group6";
			sourceTree = "<group>";
		};
		4C3560C5285C930E00905E01 /* Feature */ = {
			isa = PBXGroup;
			children = (
				4C0814EB285E0B0C00740CF0 /* TaskDetails */,
				4C3560CD285C958A00905E01 /* Model */,
			);
			path = Feature;
			sourceTree = "<group>";
		};
		4C3560C7285C934E00905E01 /* Helper */ = {
			isa = PBXGroup;
			children = (
				4C3560C9285C93CD00905E01 /* UINIB+Loader.swift */,
			);
			path = Helper;
			sourceTree = "<group>";
		};
		4C3560C8285C935300905E01 /* Utilities */ = {
			isa = PBXGroup;
			children = (
				4C3560CB285C93E400905E01 /* CoreData */,
			);
			path = Utilities;
			sourceTree = "<group>";
		};
		4C3560CB285C93E400905E01 /* CoreData */ = {
			isa = PBXGroup;
			children = (
			);
			path = CoreData;
			sourceTree = "<group>";
		};
		4C3560CC285C93F200905E01 /* Themes */ = {
			isa = PBXGroup;
			children = (
				4C0814F4285E0FBC00740CF0 /* UI */,
			);
			path = Themes;
			sourceTree = "<group>";
		};
		4C3560CD285C958A00905E01 /* Model */ = {
			isa = PBXGroup;
			children = (
				4C3560D0285C963E00905E01 /* DataStore */,
				4C3560CE285C95AB00905E01 /* TaskRepository.swift */,
			);
			path = Model;
			sourceTree = "<group>";
		};
		4C3560D0285C963E00905E01 /* DataStore */ = {
			isa = PBXGroup;
			children = (
				4C3560D1285C965500905E01 /* SeederCoreDataStore.swift */,
			);
			path = DataStore;
			sourceTree = "<group>";
		};
		4C7B0C7D286246E800A083CA /* Wb */ = {
			isa = PBXGroup;
			children = (
				4C7B0C88286255A800A083CA /* Cell */,
				4C7B0C842862554300A083CA /* TagsAltTableViewCell.swift */,
				4C7B0C852862554300A083CA /* TagsAltTableViewCell.xib */,
			);
			path = Wb;
			sourceTree = "<group>";
		};
		4C7B0C7E2862475A00A083CA /* DatePicker */ = {
			isa = PBXGroup;
			children = (
				4C0815372860DA5000740CF0 /* DatePickerTaskDetailsTableViewCell.swift */,
			);
			path = DatePicker;
			sourceTree = "<group>";
		};
		4C7B0C7F286247BE00A083CA /* TaskDetails */ = {
			isa = PBXGroup;
			children = (
				4C08152B2860AE0000740CF0 /* TaskDetailsTableViewCell.swift */,
				4C0815302860B3C600740CF0 /* TaskDetailsCell.xib */,
			);
			path = TaskDetails;
			sourceTree = "<group>";
		};
		4C7B0C80286247CC00A083CA /* Switch */ = {
			isa = PBXGroup;
			children = (
				4C0815352860CED900740CF0 /* SwitchTaskDetailsTableViewCell.swift */,
				4C7B0CA628636EEE00A083CA /* SwitchTaskDetailsTableViewCellDelegate.swift */,
				4C7B0CA82863A06800A083CA /* SwitchDelegate.swift */,
			);
			path = Switch;
			sourceTree = "<group>";
		};
		4C7B0C81286247F600A083CA /* TextField */ = {
			isa = PBXGroup;
			children = (
				4C08153B2860E2D300740CF0 /* TextFieldTaskDetailsTableViewCell.swift */,
				4C08153C2860E2D300740CF0 /* TextFieldTaskDetailsTableViewCell.xib */,
			);
			path = TextField;
			sourceTree = "<group>";
		};
		4C7B0C88286255A800A083CA /* Cell */ = {
			isa = PBXGroup;
			children = (
				4C7B0C762862452700A083CA /* TagsWBCollectionViewCell.swift */,
				4C7B0C752862452700A083CA /* TagsWBCollectionViewCell.xib */,
				4C7B0C922862690700A083CA /* TagCellDelegate.swift */,
			);
			path = Cell;
			sourceTree = "<group>";
		};
		4C7B0C8B2862677000A083CA /* TextView */ = {
			isa = PBXGroup;
			children = (
				4C7B0C892862621800A083CA /* TextViewTaskDetailsTableViewCell.swift */,
			);
			path = TextView;
			sourceTree = "<group>";
		};
		4C7B0C8C286267C200A083CA /* TagsCell */ = {
			isa = PBXGroup;
			children = (
				4C7B0C8D286267C800A083CA /* TagsCollectionView */,
				4C7B0C962862698700A083CA /* TagsTableViewCell.swift */,
				4C7B0C972862698700A083CA /* TagsTableViewCell.xib */,
			);
			path = TagsCell;
			sourceTree = "<group>";
		};
		4C7B0C8D286267C800A083CA /* TagsCollectionView */ = {
			isa = PBXGroup;
			children = (
				4C7B0C8E2862680200A083CA /* TagsTaskDetailsCollectionViewCell.swift */,
				4C7B0C8F2862680200A083CA /* TagsTaskDetailsCollectionViewCell.xib */,
			);
			path = TagsCollectionView;
			sourceTree = "<group>";
		};
		4C7B0C9E2863381500A083CA /* Delete */ = {
			isa = PBXGroup;
			children = (
				4C7B0C9F2863382B00A083CA /* DeleteTableViewCell.swift */,
			);
			path = Delete;
			sourceTree = "<group>";
		};
		4C7B0CAA2863AD7C00A083CA /* TaskDetailsStruct */ = {
			isa = PBXGroup;
			children = (
			);
			path = TaskDetailsStruct;
			sourceTree = "<group>";
		};
/* End PBXGroup section */

/* Begin PBXNativeTarget section */
		4C3560A22859CCD100905E01 /* MC2-Group6 */ = {
			isa = PBXNativeTarget;
			buildConfigurationList = 4C3560BA2859CCD200905E01 /* Build configuration list for PBXNativeTarget "MC2-Group6" */;
			buildPhases = (
				4C35609F2859CCD100905E01 /* Sources */,
				4C3560A02859CCD100905E01 /* Frameworks */,
				4C3560A12859CCD100905E01 /* Resources */,
			);
			buildRules = (
			);
			dependencies = (
			);
			name = "MC2-Group6";
			productName = "MC2-Group6";
			productReference = 4C3560A32859CCD100905E01 /* MC2-Group6.app */;
			productType = "com.apple.product-type.application";
		};
/* End PBXNativeTarget section */

/* Begin PBXProject section */
		4C35609B2859CCD100905E01 /* Project object */ = {
			isa = PBXProject;
			attributes = {
				BuildIndependentTargetsInParallel = 1;
				LastSwiftUpdateCheck = 1330;
				LastUpgradeCheck = 1330;
				TargetAttributes = {
					4C3560A22859CCD100905E01 = {
						CreatedOnToolsVersion = 13.3;
					};
				};
			};
			buildConfigurationList = 4C35609E2859CCD100905E01 /* Build configuration list for PBXProject "MC2-Group6" */;
			compatibilityVersion = "Xcode 13.0";
			developmentRegion = en;
			hasScannedForEncodings = 0;
			knownRegions = (
				en,
				Base,
			);
			mainGroup = 4C35609A2859CCD100905E01;
			productRefGroup = 4C3560A42859CCD100905E01 /* Products */;
			projectDirPath = "";
			projectRoot = "";
			targets = (
				4C3560A22859CCD100905E01 /* MC2-Group6 */,
			);
		};
/* End PBXProject section */

/* Begin PBXResourcesBuildPhase section */
		4C3560A12859CCD100905E01 /* Resources */ = {
			isa = PBXResourcesBuildPhase;
			buildActionMask = 2147483647;
			files = (
				4C7B0C912862680200A083CA /* TagsTaskDetailsCollectionViewCell.xib in Resources */,
				4C081500285E125D00740CF0 /* PickerTableViewCell.xib in Resources */,
				4C0815322860B3C600740CF0 /* TaskDetailsCell.xib in Resources */,
				4C08153E2860E2D300740CF0 /* TextFieldTaskDetailsTableViewCell.xib in Resources */,
				4C7B0C992862698700A083CA /* TagsTableViewCell.xib in Resources */,
				4C0815272860AA6C00740CF0 /* Test.storyboard in Resources */,
				4C081520285E5EB700740CF0 /* BlueTableViewCell.xib in Resources */,
				4C081505285E133C00740CF0 /* DatePickerTableViewCell.xib in Resources */,
				4C08150A285E143300740CF0 /* PriorityTableViewCell.xib in Resources */,
				4C7B0C872862554300A083CA /* TagsAltTableViewCell.xib in Resources */,
				4C0815452860FB4200740CF0 /* TagsCollectionViewCell.xib in Resources */,
				4C0814ED285E0B1900740CF0 /* TaskDetails.storyboard in Resources */,
				4C08151A285E573200740CF0 /* ButtonTableViewCell.xib in Resources */,
				4C0814F9285E101D00740CF0 /* SwitchTableViewCell.xib in Resources */,
				4C7B0C772862452700A083CA /* TagsWBCollectionViewCell.xib in Resources */,
				4C3560B62859CCD200905E01 /* LaunchScreen.storyboard in Resources */,
				4C081515285E563200740CF0 /* TextTableViewCell.xib in Resources */,
				4C3560B32859CCD200905E01 /* Assets.xcassets in Resources */,
			);
			runOnlyForDeploymentPostprocessing = 0;
		};
/* End PBXResourcesBuildPhase section */

/* Begin PBXSourcesBuildPhase section */
		4C35609F2859CCD100905E01 /* Sources */ = {
			isa = PBXSourcesBuildPhase;
			buildActionMask = 2147483647;
			files = (
				4C7B0C932862690700A083CA /* TagCellDelegate.swift in Sources */,
				4C081514285E563200740CF0 /* TextTableViewCell.swift in Sources */,
				4C7B0C8A2862621800A083CA /* TextViewTaskDetailsTableViewCell.swift in Sources */,
				4C08150C285E16DA00740CF0 /* TaskDetailsViewDelegate.swift in Sources */,
				4C3560CA285C93CD00905E01 /* UINIB+Loader.swift in Sources */,
				4C0814FF285E125D00740CF0 /* PickerTableViewCell.swift in Sources */,
				4C0814F8285E101D00740CF0 /* SwitchTableViewCell.swift in Sources */,
				4C7B0CA12863382B00A083CA /* DeleteTableViewCell.swift in Sources */,
				4C7B0CA728636EEE00A083CA /* SwitchTaskDetailsTableViewCellDelegate.swift in Sources */,
				4C3560C42859D14C00905E01 /* ButtonPageViewController.swift in Sources */,
				4C3560D2285C965500905E01 /* SeederCoreDataStore.swift in Sources */,
				4C0815292860AA8100740CF0 /* TestViewController.swift in Sources */,
				4C081510285E209A00740CF0 /* TaskDetailsViewController+Delegate.swift in Sources */,
				4C0815442860FB4200740CF0 /* TagsCollectionViewCell.swift in Sources */,
				4C7B0C862862554300A083CA /* TagsAltTableViewCell.swift in Sources */,
				4C081509285E143300740CF0 /* PriorityTableViewCell.swift in Sources */,
				4C08151F285E5EB700740CF0 /* BlueTableViewCell.swift in Sources */,
				4C7B0C782862452700A083CA /* TagsWBCollectionViewCell.swift in Sources */,
				4C3560A72859CCD100905E01 /* AppDelegate.swift in Sources */,
				4C0814F3285E0BAF00740CF0 /* TaskDetailsViewController.swift in Sources */,
				4C7B0C902862680200A083CA /* TagsTaskDetailsCollectionViewCell.swift in Sources */,
				4C7B0CA92863A06800A083CA /* SwitchDelegate.swift in Sources */,
				4C7B0C8328624FBF00A083CA /* TestTagCell.swift in Sources */,
				4C081519285E573200740CF0 /* ButtonTableViewCell.swift in Sources */,
				4C0814EF285E0B5E00740CF0 /* TaskDetailsView.swift in Sources */,
				4C08150E285E1C7900740CF0 /* TaskDetailsViewController+TableViewDataSource+TableViewDelegate.swift in Sources */,
				4C3560A92859CCD100905E01 /* SceneDelegate.swift in Sources */,
				4C7B0C5B2861EC3600A083CA /* TagsTaskDetailsTableViewCell.swift in Sources */,
				4C3560B12859CCD100905E01 /* MC2_Group6.xcdatamodeld in Sources */,
				4C0815362860CED900740CF0 /* SwitchTaskDetailsTableViewCell.swift in Sources */,
				4C08153D2860E2D300740CF0 /* TextFieldTaskDetailsTableViewCell.swift in Sources */,
				4C0814FB285E109100740CF0 /* SwitchTableViewCellDelegate.swift in Sources */,
				4C081504285E133C00740CF0 /* DatePickerTableViewCell.swift in Sources */,
				4C3560CF285C95AB00905E01 /* TaskRepository.swift in Sources */,
				4C08152C2860AE0000740CF0 /* TaskDetailsTableViewCell.swift in Sources */,
				4C7B0C982862698700A083CA /* TagsTableViewCell.swift in Sources */,
				4C0815382860DA5000740CF0 /* DatePickerTaskDetailsTableViewCell.swift in Sources */,
			);
			runOnlyForDeploymentPostprocessing = 0;
		};
/* End PBXSourcesBuildPhase section */

/* Begin PBXVariantGroup section */
		4C3560B42859CCD200905E01 /* LaunchScreen.storyboard */ = {
			isa = PBXVariantGroup;
			children = (
				4C3560B52859CCD200905E01 /* Base */,
			);
			name = LaunchScreen.storyboard;
			sourceTree = "<group>";
		};
/* End PBXVariantGroup section */

/* Begin XCBuildConfiguration section */
		4C3560B82859CCD200905E01 /* Debug */ = {
			isa = XCBuildConfiguration;
			buildSettings = {
				ALWAYS_SEARCH_USER_PATHS = NO;
				CLANG_ANALYZER_NONNULL = YES;
				CLANG_ANALYZER_NUMBER_OBJECT_CONVERSION = YES_AGGRESSIVE;
				CLANG_CXX_LANGUAGE_STANDARD = "gnu++17";
				CLANG_ENABLE_MODULES = YES;
				CLANG_ENABLE_OBJC_ARC = YES;
				CLANG_ENABLE_OBJC_WEAK = YES;
				CLANG_WARN_BLOCK_CAPTURE_AUTORELEASING = YES;
				CLANG_WARN_BOOL_CONVERSION = YES;
				CLANG_WARN_COMMA = YES;
				CLANG_WARN_CONSTANT_CONVERSION = YES;
				CLANG_WARN_DEPRECATED_OBJC_IMPLEMENTATIONS = YES;
				CLANG_WARN_DIRECT_OBJC_ISA_USAGE = YES_ERROR;
				CLANG_WARN_DOCUMENTATION_COMMENTS = YES;
				CLANG_WARN_EMPTY_BODY = YES;
				CLANG_WARN_ENUM_CONVERSION = YES;
				CLANG_WARN_INFINITE_RECURSION = YES;
				CLANG_WARN_INT_CONVERSION = YES;
				CLANG_WARN_NON_LITERAL_NULL_CONVERSION = YES;
				CLANG_WARN_OBJC_IMPLICIT_RETAIN_SELF = YES;
				CLANG_WARN_OBJC_LITERAL_CONVERSION = YES;
				CLANG_WARN_OBJC_ROOT_CLASS = YES_ERROR;
				CLANG_WARN_QUOTED_INCLUDE_IN_FRAMEWORK_HEADER = YES;
				CLANG_WARN_RANGE_LOOP_ANALYSIS = YES;
				CLANG_WARN_STRICT_PROTOTYPES = YES;
				CLANG_WARN_SUSPICIOUS_MOVE = YES;
				CLANG_WARN_UNGUARDED_AVAILABILITY = YES_AGGRESSIVE;
				CLANG_WARN_UNREACHABLE_CODE = YES;
				CLANG_WARN__DUPLICATE_METHOD_MATCH = YES;
				COPY_PHASE_STRIP = NO;
				DEBUG_INFORMATION_FORMAT = dwarf;
				ENABLE_STRICT_OBJC_MSGSEND = YES;
				ENABLE_TESTABILITY = YES;
				GCC_C_LANGUAGE_STANDARD = gnu11;
				GCC_DYNAMIC_NO_PIC = NO;
				GCC_NO_COMMON_BLOCKS = YES;
				GCC_OPTIMIZATION_LEVEL = 0;
				GCC_PREPROCESSOR_DEFINITIONS = (
					"DEBUG=1",
					"$(inherited)",
				);
				GCC_WARN_64_TO_32_BIT_CONVERSION = YES;
				GCC_WARN_ABOUT_RETURN_TYPE = YES_ERROR;
				GCC_WARN_UNDECLARED_SELECTOR = YES;
				GCC_WARN_UNINITIALIZED_AUTOS = YES_AGGRESSIVE;
				GCC_WARN_UNUSED_FUNCTION = YES;
				GCC_WARN_UNUSED_VARIABLE = YES;
				IPHONEOS_DEPLOYMENT_TARGET = 15.4;
				MTL_ENABLE_DEBUG_INFO = INCLUDE_SOURCE;
				MTL_FAST_MATH = YES;
				ONLY_ACTIVE_ARCH = YES;
				SDKROOT = iphoneos;
				SWIFT_ACTIVE_COMPILATION_CONDITIONS = DEBUG;
				SWIFT_OPTIMIZATION_LEVEL = "-Onone";
			};
			name = Debug;
		};
		4C3560B92859CCD200905E01 /* Release */ = {
			isa = XCBuildConfiguration;
			buildSettings = {
				ALWAYS_SEARCH_USER_PATHS = NO;
				CLANG_ANALYZER_NONNULL = YES;
				CLANG_ANALYZER_NUMBER_OBJECT_CONVERSION = YES_AGGRESSIVE;
				CLANG_CXX_LANGUAGE_STANDARD = "gnu++17";
				CLANG_ENABLE_MODULES = YES;
				CLANG_ENABLE_OBJC_ARC = YES;
				CLANG_ENABLE_OBJC_WEAK = YES;
				CLANG_WARN_BLOCK_CAPTURE_AUTORELEASING = YES;
				CLANG_WARN_BOOL_CONVERSION = YES;
				CLANG_WARN_COMMA = YES;
				CLANG_WARN_CONSTANT_CONVERSION = YES;
				CLANG_WARN_DEPRECATED_OBJC_IMPLEMENTATIONS = YES;
				CLANG_WARN_DIRECT_OBJC_ISA_USAGE = YES_ERROR;
				CLANG_WARN_DOCUMENTATION_COMMENTS = YES;
				CLANG_WARN_EMPTY_BODY = YES;
				CLANG_WARN_ENUM_CONVERSION = YES;
				CLANG_WARN_INFINITE_RECURSION = YES;
				CLANG_WARN_INT_CONVERSION = YES;
				CLANG_WARN_NON_LITERAL_NULL_CONVERSION = YES;
				CLANG_WARN_OBJC_IMPLICIT_RETAIN_SELF = YES;
				CLANG_WARN_OBJC_LITERAL_CONVERSION = YES;
				CLANG_WARN_OBJC_ROOT_CLASS = YES_ERROR;
				CLANG_WARN_QUOTED_INCLUDE_IN_FRAMEWORK_HEADER = YES;
				CLANG_WARN_RANGE_LOOP_ANALYSIS = YES;
				CLANG_WARN_STRICT_PROTOTYPES = YES;
				CLANG_WARN_SUSPICIOUS_MOVE = YES;
				CLANG_WARN_UNGUARDED_AVAILABILITY = YES_AGGRESSIVE;
				CLANG_WARN_UNREACHABLE_CODE = YES;
				CLANG_WARN__DUPLICATE_METHOD_MATCH = YES;
				COPY_PHASE_STRIP = NO;
				DEBUG_INFORMATION_FORMAT = "dwarf-with-dsym";
				ENABLE_NS_ASSERTIONS = NO;
				ENABLE_STRICT_OBJC_MSGSEND = YES;
				GCC_C_LANGUAGE_STANDARD = gnu11;
				GCC_NO_COMMON_BLOCKS = YES;
				GCC_WARN_64_TO_32_BIT_CONVERSION = YES;
				GCC_WARN_ABOUT_RETURN_TYPE = YES_ERROR;
				GCC_WARN_UNDECLARED_SELECTOR = YES;
				GCC_WARN_UNINITIALIZED_AUTOS = YES_AGGRESSIVE;
				GCC_WARN_UNUSED_FUNCTION = YES;
				GCC_WARN_UNUSED_VARIABLE = YES;
				IPHONEOS_DEPLOYMENT_TARGET = 15.4;
				MTL_ENABLE_DEBUG_INFO = NO;
				MTL_FAST_MATH = YES;
				SDKROOT = iphoneos;
				SWIFT_COMPILATION_MODE = wholemodule;
				SWIFT_OPTIMIZATION_LEVEL = "-O";
				VALIDATE_PRODUCT = YES;
			};
			name = Release;
		};
		4C3560BB2859CCD200905E01 /* Debug */ = {
			isa = XCBuildConfiguration;
			buildSettings = {
				ASSETCATALOG_COMPILER_APPICON_NAME = AppIcon;
				ASSETCATALOG_COMPILER_GLOBAL_ACCENT_COLOR_NAME = AccentColor;
				CODE_SIGN_STYLE = Automatic;
				CURRENT_PROJECT_VERSION = 1;
				GENERATE_INFOPLIST_FILE = YES;
				INFOPLIST_FILE = "MC2-Group6/Info.plist";
				INFOPLIST_KEY_UIApplicationSupportsIndirectInputEvents = YES;
				INFOPLIST_KEY_UILaunchStoryboardName = LaunchScreen;
				INFOPLIST_KEY_UIMainStoryboardFile = Test;
				INFOPLIST_KEY_UISupportedInterfaceOrientations_iPad = "UIInterfaceOrientationPortrait UIInterfaceOrientationPortraitUpsideDown UIInterfaceOrientationLandscapeLeft UIInterfaceOrientationLandscapeRight";
				INFOPLIST_KEY_UISupportedInterfaceOrientations_iPhone = "UIInterfaceOrientationPortrait UIInterfaceOrientationLandscapeLeft UIInterfaceOrientationLandscapeRight";
				LD_RUNPATH_SEARCH_PATHS = (
					"$(inherited)",
					"@executable_path/Frameworks",
				);
				MARKETING_VERSION = 1.0;
				PRODUCT_BUNDLE_IDENTIFIER = "appleAcademy.MC2-Group6";
				PRODUCT_NAME = "$(TARGET_NAME)";
				SWIFT_EMIT_LOC_STRINGS = YES;
				SWIFT_VERSION = 5.0;
				TARGETED_DEVICE_FAMILY = "1,2";
			};
			name = Debug;
		};
		4C3560BC2859CCD200905E01 /* Release */ = {
			isa = XCBuildConfiguration;
			buildSettings = {
				ASSETCATALOG_COMPILER_APPICON_NAME = AppIcon;
				ASSETCATALOG_COMPILER_GLOBAL_ACCENT_COLOR_NAME = AccentColor;
				CODE_SIGN_STYLE = Automatic;
				CURRENT_PROJECT_VERSION = 1;
				GENERATE_INFOPLIST_FILE = YES;
				INFOPLIST_FILE = "MC2-Group6/Info.plist";
				INFOPLIST_KEY_UIApplicationSupportsIndirectInputEvents = YES;
				INFOPLIST_KEY_UILaunchStoryboardName = LaunchScreen;
				INFOPLIST_KEY_UIMainStoryboardFile = Test;
				INFOPLIST_KEY_UISupportedInterfaceOrientations_iPad = "UIInterfaceOrientationPortrait UIInterfaceOrientationPortraitUpsideDown UIInterfaceOrientationLandscapeLeft UIInterfaceOrientationLandscapeRight";
				INFOPLIST_KEY_UISupportedInterfaceOrientations_iPhone = "UIInterfaceOrientationPortrait UIInterfaceOrientationLandscapeLeft UIInterfaceOrientationLandscapeRight";
				LD_RUNPATH_SEARCH_PATHS = (
					"$(inherited)",
					"@executable_path/Frameworks",
				);
				MARKETING_VERSION = 1.0;
				PRODUCT_BUNDLE_IDENTIFIER = "appleAcademy.MC2-Group6";
				PRODUCT_NAME = "$(TARGET_NAME)";
				SWIFT_EMIT_LOC_STRINGS = YES;
				SWIFT_VERSION = 5.0;
				TARGETED_DEVICE_FAMILY = "1,2";
			};
			name = Release;
		};
/* End XCBuildConfiguration section */

/* Begin XCConfigurationList section */
		4C35609E2859CCD100905E01 /* Build configuration list for PBXProject "MC2-Group6" */ = {
			isa = XCConfigurationList;
			buildConfigurations = (
				4C3560B82859CCD200905E01 /* Debug */,
				4C3560B92859CCD200905E01 /* Release */,
			);
			defaultConfigurationIsVisible = 0;
			defaultConfigurationName = Release;
		};
		4C3560BA2859CCD200905E01 /* Build configuration list for PBXNativeTarget "MC2-Group6" */ = {
			isa = XCConfigurationList;
			buildConfigurations = (
				4C3560BB2859CCD200905E01 /* Debug */,
				4C3560BC2859CCD200905E01 /* Release */,
			);
			defaultConfigurationIsVisible = 0;
			defaultConfigurationName = Release;
		};
/* End XCConfigurationList section */

/* Begin XCVersionGroup section */
		4C3560AF2859CCD100905E01 /* MC2_Group6.xcdatamodeld */ = {
			isa = XCVersionGroup;
			children = (
				4C3560B02859CCD100905E01 /* MC2_Group6.xcdatamodel */,
			);
			currentVersion = 4C3560B02859CCD100905E01 /* MC2_Group6.xcdatamodel */;
			path = MC2_Group6.xcdatamodeld;
			sourceTree = "<group>";
			versionGroupType = wrapper.xcdatamodel;
		};
/* End XCVersionGroup section */
	};
	rootObject = 4C35609B2859CCD100905E01 /* Project object */;
}
