// !$*UTF8*$!
{
	archiveVersion = 1;
	classes = {
	};
	objectVersion = 55;
	objects = {

/* Begin PBXBuildFile section */
		3875D3792869B48F00B7CE8E /* TaskPage.storyboard in Resources */ = {isa = PBXBuildFile; fileRef = 3875D3782869B48F00B7CE8E /* TaskPage.storyboard */; };
		3875D37B2869B4A500B7CE8E /* TaskPageController.swift in Sources */ = {isa = PBXBuildFile; fileRef = 3875D37A2869B4A500B7CE8E /* TaskPageController.swift */; };
		3875D37F2869B6AB00B7CE8E /* Model.swift in Sources */ = {isa = PBXBuildFile; fileRef = 3875D37E2869B6AB00B7CE8E /* Model.swift */; };
		3875D3822869B85A00B7CE8E /* CollectionViewCell.swift in Sources */ = {isa = PBXBuildFile; fileRef = 3875D3802869B85A00B7CE8E /* CollectionViewCell.swift */; };
		3875D3832869B85A00B7CE8E /* CollectionViewCell.xib in Resources */ = {isa = PBXBuildFile; fileRef = 3875D3812869B85A00B7CE8E /* CollectionViewCell.xib */; };
		3875D3862869B8E800B7CE8E /* TableViewCell.swift in Sources */ = {isa = PBXBuildFile; fileRef = 3875D3842869B8E800B7CE8E /* TableViewCell.swift */; };
		3875D3872869B8E800B7CE8E /* TableViewCell.xib in Resources */ = {isa = PBXBuildFile; fileRef = 3875D3852869B8E800B7CE8E /* TableViewCell.xib */; };
		3890443C2869EA0F00F16BEC /* TaskMainPage.swift in Sources */ = {isa = PBXBuildFile; fileRef = 3890443B2869EA0F00F16BEC /* TaskMainPage.swift */; };
		3890443F2869F80600F16BEC /* InfoPage.storyboard in Resources */ = {isa = PBXBuildFile; fileRef = 3890443E2869F80600F16BEC /* InfoPage.storyboard */; };
		38904441286A044A00F16BEC /* MainTaskDelegate.swift in Sources */ = {isa = PBXBuildFile; fileRef = 38904440286A044A00F16BEC /* MainTaskDelegate.swift */; };
		4C0815272860AA6C00740CF0 /* AddTask.storyboard in Resources */ = {isa = PBXBuildFile; fileRef = 4C0815262860AA6C00740CF0 /* AddTask.storyboard */; };
		4C0815292860AA8100740CF0 /* AddTaskViewController.swift in Sources */ = {isa = PBXBuildFile; fileRef = 4C0815282860AA8100740CF0 /* AddTaskViewController.swift */; };
		4C08152C2860AE0000740CF0 /* TaskDetailsTableViewCell.swift in Sources */ = {isa = PBXBuildFile; fileRef = 4C08152B2860AE0000740CF0 /* TaskDetailsTableViewCell.swift */; };
		4C0815322860B3C600740CF0 /* TaskDetailsCell.xib in Resources */ = {isa = PBXBuildFile; fileRef = 4C0815302860B3C600740CF0 /* TaskDetailsCell.xib */; };
		4C0815362860CED900740CF0 /* SwitchTaskDetailsTableViewCell.swift in Sources */ = {isa = PBXBuildFile; fileRef = 4C0815352860CED900740CF0 /* SwitchTaskDetailsTableViewCell.swift */; };
		4C0815382860DA5000740CF0 /* DatePickerTaskDetailsTableViewCell.swift in Sources */ = {isa = PBXBuildFile; fileRef = 4C0815372860DA5000740CF0 /* DatePickerTaskDetailsTableViewCell.swift */; };
		4C08153D2860E2D300740CF0 /* TextFieldTaskDetailsTableViewCell.swift in Sources */ = {isa = PBXBuildFile; fileRef = 4C08153B2860E2D300740CF0 /* TextFieldTaskDetailsTableViewCell.swift */; };
		4C08153E2860E2D300740CF0 /* TextFieldTaskDetailsTableViewCell.xib in Resources */ = {isa = PBXBuildFile; fileRef = 4C08153C2860E2D300740CF0 /* TextFieldTaskDetailsTableViewCell.xib */; };
		4C0815442860FB4200740CF0 /* TagsCollectionViewCell.swift in Sources */ = {isa = PBXBuildFile; fileRef = 4C0815422860FB4200740CF0 /* TagsCollectionViewCell.swift */; };
		4C0815452860FB4200740CF0 /* TagsCollectionViewCell.xib in Resources */ = {isa = PBXBuildFile; fileRef = 4C0815432860FB4200740CF0 /* TagsCollectionViewCell.xib */; };
		4C3560A72859CCD100905E01 /* AppDelegate.swift in Sources */ = {isa = PBXBuildFile; fileRef = 4C3560A62859CCD100905E01 /* AppDelegate.swift */; };
		4C3560A92859CCD100905E01 /* SceneDelegate.swift in Sources */ = {isa = PBXBuildFile; fileRef = 4C3560A82859CCD100905E01 /* SceneDelegate.swift */; };
		4C3560B12859CCD100905E01 /* MC2_Group6.xcdatamodeld in Sources */ = {isa = PBXBuildFile; fileRef = 4C3560AF2859CCD100905E01 /* MC2_Group6.xcdatamodeld */; };
		4C3560B32859CCD200905E01 /* Assets.xcassets in Resources */ = {isa = PBXBuildFile; fileRef = 4C3560B22859CCD200905E01 /* Assets.xcassets */; };
		4C3560B62859CCD200905E01 /* LaunchScreen.storyboard in Resources */ = {isa = PBXBuildFile; fileRef = 4C3560B42859CCD200905E01 /* LaunchScreen.storyboard */; };
		4C3560C42859D14C00905E01 /* ButtonPageViewController.swift in Sources */ = {isa = PBXBuildFile; fileRef = 4C3560C32859D14C00905E01 /* ButtonPageViewController.swift */; };
		4C3560CA285C93CD00905E01 /* UINIB+Loader.swift in Sources */ = {isa = PBXBuildFile; fileRef = 4C3560C9285C93CD00905E01 /* UINIB+Loader.swift */; };
		4C3560CF285C95AB00905E01 /* TaskRepository.swift in Sources */ = {isa = PBXBuildFile; fileRef = 4C3560CE285C95AB00905E01 /* TaskRepository.swift */; };
		4C3560D2285C965500905E01 /* SeederCoreDataStore.swift in Sources */ = {isa = PBXBuildFile; fileRef = 4C3560D1285C965500905E01 /* SeederCoreDataStore.swift */; };
		4C530BE42867A2B7000A61F0 /* TagsTaskDetailsCollectionViewCellDelegate.swift in Sources */ = {isa = PBXBuildFile; fileRef = 4C530BE32867A2B7000A61F0 /* TagsTaskDetailsCollectionViewCellDelegate.swift */; };
		4C530BE828680360000A61F0 /* AddTagsTagsTableViewCell.swift in Sources */ = {isa = PBXBuildFile; fileRef = 4C530BE628680360000A61F0 /* AddTagsTagsTableViewCell.swift */; };
		4C530BE928680360000A61F0 /* AddTagsTagsTableViewCell.xib in Resources */ = {isa = PBXBuildFile; fileRef = 4C530BE728680360000A61F0 /* AddTagsTagsTableViewCell.xib */; };
		4C530BEB286844A0000A61F0 /* PickerTaskDetailsTableViewCell + Delegate.swift in Sources */ = {isa = PBXBuildFile; fileRef = 4C530BEA286844A0000A61F0 /* PickerTaskDetailsTableViewCell + Delegate.swift */; };
		4C530BED2868582E000A61F0 /* DatePickerTaskDetailsTableViewCellDelegate.swift in Sources */ = {isa = PBXBuildFile; fileRef = 4C530BEC2868582E000A61F0 /* DatePickerTaskDetailsTableViewCellDelegate.swift */; };
		4C530BF228688AD7000A61F0 /* AddTagsTagsCollectionViewCell.swift in Sources */ = {isa = PBXBuildFile; fileRef = 4C530BF028688AD7000A61F0 /* AddTagsTagsCollectionViewCell.swift */; };
		4C530BF328688AD7000A61F0 /* AddTagsTagsCollectionViewCell.xib in Resources */ = {isa = PBXBuildFile; fileRef = 4C530BF128688AD7000A61F0 /* AddTagsTagsCollectionViewCell.xib */; };
		4C530BF628689548000A61F0 /* Textfield+Delegate.swift in Sources */ = {isa = PBXBuildFile; fileRef = 4C530BF528689548000A61F0 /* Textfield+Delegate.swift */; };
		4C7011A52869D60F00D4F3D7 /* TagsAddTagsCollectionViewCellDelegate.swift in Sources */ = {isa = PBXBuildFile; fileRef = 4C7011A42869D60F00D4F3D7 /* TagsAddTagsCollectionViewCellDelegate.swift */; };
		4C7011A72869E59600D4F3D7 /* DataHelper.swift in Sources */ = {isa = PBXBuildFile; fileRef = 4C7011A62869E59600D4F3D7 /* DataHelper.swift */; };
		4C7011A92869FA6700D4F3D7 /* TagsTableViewCellDelegate.swift in Sources */ = {isa = PBXBuildFile; fileRef = 4C7011A82869FA6700D4F3D7 /* TagsTableViewCellDelegate.swift */; };
		4C7011AD286A03CF00D4F3D7 /* EditTaskViewController.swift in Sources */ = {isa = PBXBuildFile; fileRef = 4C7011AB286A03CF00D4F3D7 /* EditTaskViewController.swift */; };
		4C7011B0286A4B6800D4F3D7 /* EditAddTagsViewController.swift in Sources */ = {isa = PBXBuildFile; fileRef = 4C7011AF286A4B6800D4F3D7 /* EditAddTagsViewController.swift */; };
		4C7011B2286A521200D4F3D7 /* AddTagsTagCollectionViewDelegate.swift in Sources */ = {isa = PBXBuildFile; fileRef = 4C7011B1286A521200D4F3D7 /* AddTagsTagCollectionViewDelegate.swift */; };
		4C7011B4286B277C00D4F3D7 /* UpdatinTime.swift in Sources */ = {isa = PBXBuildFile; fileRef = 4C7011B3286B277C00D4F3D7 /* UpdatinTime.swift */; };
		4C7011BF286B447900D4F3D7 /* OnboardingCollectionViewCell.swift in Sources */ = {isa = PBXBuildFile; fileRef = 4C7011BC286B447900D4F3D7 /* OnboardingCollectionViewCell.swift */; };
		4C7011C0286B447900D4F3D7 /* Onboarding.storyboard in Resources */ = {isa = PBXBuildFile; fileRef = 4C7011BD286B447900D4F3D7 /* Onboarding.storyboard */; };
		4C7011C1286B447900D4F3D7 /* OnboardingViewController.swift in Sources */ = {isa = PBXBuildFile; fileRef = 4C7011BE286B447900D4F3D7 /* OnboardingViewController.swift */; };
		4C7011CA286B448500D4F3D7 /* SearchFilter.storyboard in Resources */ = {isa = PBXBuildFile; fileRef = 4C7011C3286B448500D4F3D7 /* SearchFilter.storyboard */; };
		4C7011CB286B448500D4F3D7 /* SearchViewController.swift in Sources */ = {isa = PBXBuildFile; fileRef = 4C7011C5286B448500D4F3D7 /* SearchViewController.swift */; };
		4C7011CC286B448500D4F3D7 /* TaskTableViewCell.swift in Sources */ = {isa = PBXBuildFile; fileRef = 4C7011C6286B448500D4F3D7 /* TaskTableViewCell.swift */; };
		4C7011CD286B448500D4F3D7 /* TagFilterCollectionViewCell.swift in Sources */ = {isa = PBXBuildFile; fileRef = 4C7011C8286B448500D4F3D7 /* TagFilterCollectionViewCell.swift */; };
		4C7011CE286B448500D4F3D7 /* FilterViewController.swift in Sources */ = {isa = PBXBuildFile; fileRef = 4C7011C9286B448500D4F3D7 /* FilterViewController.swift */; };
		4C7011D2286B44BA00D4F3D7 /* TagFilter.swift in Sources */ = {isa = PBXBuildFile; fileRef = 4C7011CF286B44BA00D4F3D7 /* TagFilter.swift */; };
		4C7011D3286B44BA00D4F3D7 /* OnboardingSlide.swift in Sources */ = {isa = PBXBuildFile; fileRef = 4C7011D0286B44BA00D4F3D7 /* OnboardingSlide.swift */; };
		4C7011D4286B44BA00D4F3D7 /* TaskSearch.swift in Sources */ = {isa = PBXBuildFile; fileRef = 4C7011D1286B44BA00D4F3D7 /* TaskSearch.swift */; };
		4C7011D8286B481E00D4F3D7 /* InitialLoadViewController.swift in Sources */ = {isa = PBXBuildFile; fileRef = 4C7011D6286B481E00D4F3D7 /* InitialLoadViewController.swift */; };
		4C7011DB286B483600D4F3D7 /* InitialLoad.storyboard in Resources */ = {isa = PBXBuildFile; fileRef = 4C7011DA286B483600D4F3D7 /* InitialLoad.storyboard */; };
		4C7011DE286B610000D4F3D7 /* EditTask.storyboard in Resources */ = {isa = PBXBuildFile; fileRef = 4C7011DD286B610000D4F3D7 /* EditTask.storyboard */; };
		4C7B0C5B2861EC3600A083CA /* TagsTaskDetailsTableViewCell.swift in Sources */ = {isa = PBXBuildFile; fileRef = 4C7B0C5A2861EC3600A083CA /* TagsTaskDetailsTableViewCell.swift */; };
		4C7B0C772862452700A083CA /* TagsWBCollectionViewCell.xib in Resources */ = {isa = PBXBuildFile; fileRef = 4C7B0C752862452700A083CA /* TagsWBCollectionViewCell.xib */; };
		4C7B0C782862452700A083CA /* TagsWBCollectionViewCell.swift in Sources */ = {isa = PBXBuildFile; fileRef = 4C7B0C762862452700A083CA /* TagsWBCollectionViewCell.swift */; };
		4C7B0C8328624FBF00A083CA /* TestTagCell.swift in Sources */ = {isa = PBXBuildFile; fileRef = 4C7B0C8228624FBF00A083CA /* TestTagCell.swift */; };
		4C7B0C862862554300A083CA /* TagsAltTableViewCell.swift in Sources */ = {isa = PBXBuildFile; fileRef = 4C7B0C842862554300A083CA /* TagsAltTableViewCell.swift */; };
		4C7B0C872862554300A083CA /* TagsAltTableViewCell.xib in Resources */ = {isa = PBXBuildFile; fileRef = 4C7B0C852862554300A083CA /* TagsAltTableViewCell.xib */; };
		4C7B0C8A2862621800A083CA /* TextViewTaskDetailsTableViewCell.swift in Sources */ = {isa = PBXBuildFile; fileRef = 4C7B0C892862621800A083CA /* TextViewTaskDetailsTableViewCell.swift */; };
		4C7B0C902862680200A083CA /* TagsTaskDetailsCollectionViewCell.swift in Sources */ = {isa = PBXBuildFile; fileRef = 4C7B0C8E2862680200A083CA /* TagsTaskDetailsCollectionViewCell.swift */; };
		4C7B0C912862680200A083CA /* TagsTaskDetailsCollectionViewCell.xib in Resources */ = {isa = PBXBuildFile; fileRef = 4C7B0C8F2862680200A083CA /* TagsTaskDetailsCollectionViewCell.xib */; };
		4C7B0C932862690700A083CA /* TagCellDelegate.swift in Sources */ = {isa = PBXBuildFile; fileRef = 4C7B0C922862690700A083CA /* TagCellDelegate.swift */; };
		4C7B0C982862698700A083CA /* TagsTableViewCell.swift in Sources */ = {isa = PBXBuildFile; fileRef = 4C7B0C962862698700A083CA /* TagsTableViewCell.swift */; };
		4C7B0C992862698700A083CA /* TagsTableViewCell.xib in Resources */ = {isa = PBXBuildFile; fileRef = 4C7B0C972862698700A083CA /* TagsTableViewCell.xib */; };
		4C7B0CA12863382B00A083CA /* DeleteTableViewCell.swift in Sources */ = {isa = PBXBuildFile; fileRef = 4C7B0C9F2863382B00A083CA /* DeleteTableViewCell.swift */; };
		4C7B0CA728636EEE00A083CA /* SwitchTaskDetailsTableViewCellDelegate.swift in Sources */ = {isa = PBXBuildFile; fileRef = 4C7B0CA628636EEE00A083CA /* SwitchTaskDetailsTableViewCellDelegate.swift */; };
		4C7B0CA92863A06800A083CA /* SwitchDelegate.swift in Sources */ = {isa = PBXBuildFile; fileRef = 4C7B0CA82863A06800A083CA /* SwitchDelegate.swift */; };
		4C7B0CAE28671CE400A083CA /* PickerTaskDetailsTableViewCell.swift in Sources */ = {isa = PBXBuildFile; fileRef = 4C7B0CAC28671CE400A083CA /* PickerTaskDetailsTableViewCell.swift */; };
		4C7B0CAF28671CE400A083CA /* PickerTaskDetailsTableViewCell.xib in Resources */ = {isa = PBXBuildFile; fileRef = 4C7B0CAD28671CE400A083CA /* PickerTaskDetailsTableViewCell.xib */; };
		4C7B0CB12867286300A083CA /* PickerTableCellPicker.swift in Sources */ = {isa = PBXBuildFile; fileRef = 4C7B0CB02867286300A083CA /* PickerTableCellPicker.swift */; };
		4C7B0CB4286795E700A083CA /* AddTagsViewController.swift in Sources */ = {isa = PBXBuildFile; fileRef = 4C7B0CB2286795E700A083CA /* AddTagsViewController.swift */; };
		4C7B0CB7286796DE00A083CA /* TaskOptions.swift in Sources */ = {isa = PBXBuildFile; fileRef = 4C7B0CB6286796DE00A083CA /* TaskOptions.swift */; };
		4C7B0CBB2867985100A083CA /* AddTaskViewController+Delegate.swift in Sources */ = {isa = PBXBuildFile; fileRef = 4C7B0CBA2867985100A083CA /* AddTaskViewController+Delegate.swift */; };
		A4A1DECB2869530D00DA11DB /* ColorPallete.swift in Sources */ = {isa = PBXBuildFile; fileRef = A4A1DECA2869530D00DA11DB /* ColorPallete.swift */; };
		A4A1DECE286953FA00DA11DB /* Timer.storyboard in Resources */ = {isa = PBXBuildFile; fileRef = A4A1DECD286953FA00DA11DB /* Timer.storyboard */; };
		A4A1DED22869552700DA11DB /* TimerViewController.swift in Sources */ = {isa = PBXBuildFile; fileRef = A4A1DED12869552700DA11DB /* TimerViewController.swift */; };
		A4A1DED52869554500DA11DB /* TimerDefaultValue.swift in Sources */ = {isa = PBXBuildFile; fileRef = A4A1DED42869554500DA11DB /* TimerDefaultValue.swift */; };
		A4A1DED72869596F00DA11DB /* TimerSetting.storyboard in Resources */ = {isa = PBXBuildFile; fileRef = A4A1DED62869596F00DA11DB /* TimerSetting.storyboard */; };
		A4A1DEDB286959B900DA11DB /* SwitchCell.swift in Sources */ = {isa = PBXBuildFile; fileRef = A4A1DEDA286959B900DA11DB /* SwitchCell.swift */; };
		A4A1DEDD28695A2800DA11DB /* TimerSettingViewController.swift in Sources */ = {isa = PBXBuildFile; fileRef = A4A1DEDC28695A2800DA11DB /* TimerSettingViewController.swift */; };
		A4A1DEE028695AE300DA11DB /* SettingCellFill.swift in Sources */ = {isa = PBXBuildFile; fileRef = A4A1DEDF28695AE300DA11DB /* SettingCellFill.swift */; };
		A4A1DEE228695B0C00DA11DB /* PickerViewValue.swift in Sources */ = {isa = PBXBuildFile; fileRef = A4A1DEE128695B0C00DA11DB /* PickerViewValue.swift */; };
		A4A1DEE428695B4F00DA11DB /* FocusSetTextFieldPickerViewCell.swift in Sources */ = {isa = PBXBuildFile; fileRef = A4A1DEE328695B4F00DA11DB /* FocusSetTextFieldPickerViewCell.swift */; };
		A4A1DEE628695B9500DA11DB /* SBreakSetTextFieldPickerViewCell.swift in Sources */ = {isa = PBXBuildFile; fileRef = A4A1DEE528695B9500DA11DB /* SBreakSetTextFieldPickerViewCell.swift */; };
		A4A1DEE828695BEC00DA11DB /* LBreakSetTextFieldPickerViewCell.swift in Sources */ = {isa = PBXBuildFile; fileRef = A4A1DEE728695BEC00DA11DB /* LBreakSetTextFieldPickerViewCell.swift */; };
		A4A1DEEA28695C3500DA11DB /* LBAfterSetTextFieldPickerViewCell.swift in Sources */ = {isa = PBXBuildFile; fileRef = A4A1DEE928695C3500DA11DB /* LBAfterSetTextFieldPickerViewCell.swift */; };
		A4A1DEEC28695C7F00DA11DB /* TextFieldExtDD.swift in Sources */ = {isa = PBXBuildFile; fileRef = A4A1DEEB28695C7F00DA11DB /* TextFieldExtDD.swift */; };
		A4A1DEEF28695CD700DA11DB /* SettingTableViewExtDD.swift in Sources */ = {isa = PBXBuildFile; fileRef = A4A1DEEE28695CD700DA11DB /* SettingTableViewExtDD.swift */; };
		A4A1DEF128695D6800DA11DB /* PickerViewExtDD.swift in Sources */ = {isa = PBXBuildFile; fileRef = A4A1DEF028695D6800DA11DB /* PickerViewExtDD.swift */; };
		A4A1DEF3286960B500DA11DB /* TabBar.storyboard in Resources */ = {isa = PBXBuildFile; fileRef = A4A1DEF2286960B500DA11DB /* TabBar.storyboard */; };
		A4A1DEF6286960F600DA11DB /* TabBarViewController.swift in Sources */ = {isa = PBXBuildFile; fileRef = A4A1DEF5286960F600DA11DB /* TabBarViewController.swift */; };
		A4A1DEF82869613B00DA11DB /* TaskTestController.swift in Sources */ = {isa = PBXBuildFile; fileRef = A4A1DEF72869613B00DA11DB /* TaskTestController.swift */; };
		A4A1DEFB2869615A00DA11DB /* TaskTest.storyboard in Resources */ = {isa = PBXBuildFile; fileRef = A4A1DEFA2869615A00DA11DB /* TaskTest.storyboard */; };
/* End PBXBuildFile section */

/* Begin PBXFileReference section */
		3875D3782869B48F00B7CE8E /* TaskPage.storyboard */ = {isa = PBXFileReference; lastKnownFileType = file.storyboard; path = TaskPage.storyboard; sourceTree = "<group>"; };
		3875D37A2869B4A500B7CE8E /* TaskPageController.swift */ = {isa = PBXFileReference; lastKnownFileType = sourcecode.swift; path = TaskPageController.swift; sourceTree = "<group>"; };
		3875D37E2869B6AB00B7CE8E /* Model.swift */ = {isa = PBXFileReference; lastKnownFileType = sourcecode.swift; path = Model.swift; sourceTree = "<group>"; };
		3875D3802869B85A00B7CE8E /* CollectionViewCell.swift */ = {isa = PBXFileReference; lastKnownFileType = sourcecode.swift; path = CollectionViewCell.swift; sourceTree = "<group>"; };
		3875D3812869B85A00B7CE8E /* CollectionViewCell.xib */ = {isa = PBXFileReference; lastKnownFileType = file.xib; path = CollectionViewCell.xib; sourceTree = "<group>"; };
		3875D3842869B8E800B7CE8E /* TableViewCell.swift */ = {isa = PBXFileReference; lastKnownFileType = sourcecode.swift; path = TableViewCell.swift; sourceTree = "<group>"; };
		3875D3852869B8E800B7CE8E /* TableViewCell.xib */ = {isa = PBXFileReference; lastKnownFileType = file.xib; path = TableViewCell.xib; sourceTree = "<group>"; };
		3890443B2869EA0F00F16BEC /* TaskMainPage.swift */ = {isa = PBXFileReference; lastKnownFileType = sourcecode.swift; path = TaskMainPage.swift; sourceTree = "<group>"; };
		3890443E2869F80600F16BEC /* InfoPage.storyboard */ = {isa = PBXFileReference; lastKnownFileType = file.storyboard; path = InfoPage.storyboard; sourceTree = "<group>"; };
		38904440286A044A00F16BEC /* MainTaskDelegate.swift */ = {isa = PBXFileReference; lastKnownFileType = sourcecode.swift; path = MainTaskDelegate.swift; sourceTree = "<group>"; };
		4C0815262860AA6C00740CF0 /* AddTask.storyboard */ = {isa = PBXFileReference; lastKnownFileType = file.storyboard; path = AddTask.storyboard; sourceTree = "<group>"; };
		4C0815282860AA8100740CF0 /* AddTaskViewController.swift */ = {isa = PBXFileReference; lastKnownFileType = sourcecode.swift; path = AddTaskViewController.swift; sourceTree = "<group>"; };
		4C08152B2860AE0000740CF0 /* TaskDetailsTableViewCell.swift */ = {isa = PBXFileReference; lastKnownFileType = sourcecode.swift; path = TaskDetailsTableViewCell.swift; sourceTree = "<group>"; };
		4C0815302860B3C600740CF0 /* TaskDetailsCell.xib */ = {isa = PBXFileReference; lastKnownFileType = file.xib; path = TaskDetailsCell.xib; sourceTree = "<group>"; };
		4C0815352860CED900740CF0 /* SwitchTaskDetailsTableViewCell.swift */ = {isa = PBXFileReference; lastKnownFileType = sourcecode.swift; path = SwitchTaskDetailsTableViewCell.swift; sourceTree = "<group>"; };
		4C0815372860DA5000740CF0 /* DatePickerTaskDetailsTableViewCell.swift */ = {isa = PBXFileReference; lastKnownFileType = sourcecode.swift; path = DatePickerTaskDetailsTableViewCell.swift; sourceTree = "<group>"; };
		4C08153B2860E2D300740CF0 /* TextFieldTaskDetailsTableViewCell.swift */ = {isa = PBXFileReference; lastKnownFileType = sourcecode.swift; path = TextFieldTaskDetailsTableViewCell.swift; sourceTree = "<group>"; };
		4C08153C2860E2D300740CF0 /* TextFieldTaskDetailsTableViewCell.xib */ = {isa = PBXFileReference; lastKnownFileType = file.xib; path = TextFieldTaskDetailsTableViewCell.xib; sourceTree = "<group>"; };
		4C0815422860FB4200740CF0 /* TagsCollectionViewCell.swift */ = {isa = PBXFileReference; lastKnownFileType = sourcecode.swift; path = TagsCollectionViewCell.swift; sourceTree = "<group>"; };
		4C0815432860FB4200740CF0 /* TagsCollectionViewCell.xib */ = {isa = PBXFileReference; lastKnownFileType = file.xib; path = TagsCollectionViewCell.xib; sourceTree = "<group>"; };
		4C3560A32859CCD100905E01 /* MC2-Group6.app */ = {isa = PBXFileReference; explicitFileType = wrapper.application; includeInIndex = 0; path = "MC2-Group6.app"; sourceTree = BUILT_PRODUCTS_DIR; };
		4C3560A62859CCD100905E01 /* AppDelegate.swift */ = {isa = PBXFileReference; lastKnownFileType = sourcecode.swift; path = AppDelegate.swift; sourceTree = "<group>"; };
		4C3560A82859CCD100905E01 /* SceneDelegate.swift */ = {isa = PBXFileReference; lastKnownFileType = sourcecode.swift; path = SceneDelegate.swift; sourceTree = "<group>"; };
		4C3560B02859CCD100905E01 /* MC2_Group6.xcdatamodel */ = {isa = PBXFileReference; lastKnownFileType = wrapper.xcdatamodel; path = MC2_Group6.xcdatamodel; sourceTree = "<group>"; };
		4C3560B22859CCD200905E01 /* Assets.xcassets */ = {isa = PBXFileReference; lastKnownFileType = folder.assetcatalog; path = Assets.xcassets; sourceTree = "<group>"; };
		4C3560B52859CCD200905E01 /* Base */ = {isa = PBXFileReference; lastKnownFileType = file.storyboard; name = Base; path = Base.lproj/LaunchScreen.storyboard; sourceTree = "<group>"; };
		4C3560B72859CCD200905E01 /* Info.plist */ = {isa = PBXFileReference; lastKnownFileType = text.plist.xml; path = Info.plist; sourceTree = "<group>"; };
		4C3560C32859D14C00905E01 /* ButtonPageViewController.swift */ = {isa = PBXFileReference; lastKnownFileType = sourcecode.swift; path = ButtonPageViewController.swift; sourceTree = "<group>"; };
		4C3560C9285C93CD00905E01 /* UINIB+Loader.swift */ = {isa = PBXFileReference; lastKnownFileType = sourcecode.swift; path = "UINIB+Loader.swift"; sourceTree = "<group>"; };
		4C3560CE285C95AB00905E01 /* TaskRepository.swift */ = {isa = PBXFileReference; lastKnownFileType = sourcecode.swift; path = TaskRepository.swift; sourceTree = "<group>"; };
		4C3560D1285C965500905E01 /* SeederCoreDataStore.swift */ = {isa = PBXFileReference; lastKnownFileType = sourcecode.swift; path = SeederCoreDataStore.swift; sourceTree = "<group>"; };
		4C530BE32867A2B7000A61F0 /* TagsTaskDetailsCollectionViewCellDelegate.swift */ = {isa = PBXFileReference; lastKnownFileType = sourcecode.swift; path = TagsTaskDetailsCollectionViewCellDelegate.swift; sourceTree = "<group>"; };
		4C530BE628680360000A61F0 /* AddTagsTagsTableViewCell.swift */ = {isa = PBXFileReference; lastKnownFileType = sourcecode.swift; path = AddTagsTagsTableViewCell.swift; sourceTree = "<group>"; };
		4C530BE728680360000A61F0 /* AddTagsTagsTableViewCell.xib */ = {isa = PBXFileReference; lastKnownFileType = file.xib; path = AddTagsTagsTableViewCell.xib; sourceTree = "<group>"; };
		4C530BEA286844A0000A61F0 /* PickerTaskDetailsTableViewCell + Delegate.swift */ = {isa = PBXFileReference; lastKnownFileType = sourcecode.swift; path = "PickerTaskDetailsTableViewCell + Delegate.swift"; sourceTree = "<group>"; };
		4C530BEC2868582E000A61F0 /* DatePickerTaskDetailsTableViewCellDelegate.swift */ = {isa = PBXFileReference; lastKnownFileType = sourcecode.swift; path = DatePickerTaskDetailsTableViewCellDelegate.swift; sourceTree = "<group>"; };
		4C530BF028688AD7000A61F0 /* AddTagsTagsCollectionViewCell.swift */ = {isa = PBXFileReference; lastKnownFileType = sourcecode.swift; path = AddTagsTagsCollectionViewCell.swift; sourceTree = "<group>"; };
		4C530BF128688AD7000A61F0 /* AddTagsTagsCollectionViewCell.xib */ = {isa = PBXFileReference; lastKnownFileType = file.xib; path = AddTagsTagsCollectionViewCell.xib; sourceTree = "<group>"; };
		4C530BF528689548000A61F0 /* Textfield+Delegate.swift */ = {isa = PBXFileReference; lastKnownFileType = sourcecode.swift; path = "Textfield+Delegate.swift"; sourceTree = "<group>"; };
		4C7011A42869D60F00D4F3D7 /* TagsAddTagsCollectionViewCellDelegate.swift */ = {isa = PBXFileReference; lastKnownFileType = sourcecode.swift; path = TagsAddTagsCollectionViewCellDelegate.swift; sourceTree = "<group>"; };
		4C7011A62869E59600D4F3D7 /* DataHelper.swift */ = {isa = PBXFileReference; lastKnownFileType = sourcecode.swift; path = DataHelper.swift; sourceTree = "<group>"; };
		4C7011A82869FA6700D4F3D7 /* TagsTableViewCellDelegate.swift */ = {isa = PBXFileReference; lastKnownFileType = sourcecode.swift; path = TagsTableViewCellDelegate.swift; sourceTree = "<group>"; };
		4C7011AB286A03CF00D4F3D7 /* EditTaskViewController.swift */ = {isa = PBXFileReference; lastKnownFileType = sourcecode.swift; path = EditTaskViewController.swift; sourceTree = "<group>"; };
		4C7011AF286A4B6800D4F3D7 /* EditAddTagsViewController.swift */ = {isa = PBXFileReference; lastKnownFileType = sourcecode.swift; path = EditAddTagsViewController.swift; sourceTree = "<group>"; };
		4C7011B1286A521200D4F3D7 /* AddTagsTagCollectionViewDelegate.swift */ = {isa = PBXFileReference; lastKnownFileType = sourcecode.swift; path = AddTagsTagCollectionViewDelegate.swift; sourceTree = "<group>"; };
		4C7011B3286B277C00D4F3D7 /* UpdatinTime.swift */ = {isa = PBXFileReference; lastKnownFileType = sourcecode.swift; path = UpdatinTime.swift; sourceTree = "<group>"; };
		4C7011BC286B447900D4F3D7 /* OnboardingCollectionViewCell.swift */ = {isa = PBXFileReference; fileEncoding = 4; lastKnownFileType = sourcecode.swift; path = OnboardingCollectionViewCell.swift; sourceTree = "<group>"; };
		4C7011BD286B447900D4F3D7 /* Onboarding.storyboard */ = {isa = PBXFileReference; fileEncoding = 4; lastKnownFileType = file.storyboard; path = Onboarding.storyboard; sourceTree = "<group>"; };
		4C7011BE286B447900D4F3D7 /* OnboardingViewController.swift */ = {isa = PBXFileReference; fileEncoding = 4; lastKnownFileType = sourcecode.swift; path = OnboardingViewController.swift; sourceTree = "<group>"; };
		4C7011C3286B448500D4F3D7 /* SearchFilter.storyboard */ = {isa = PBXFileReference; fileEncoding = 4; lastKnownFileType = file.storyboard; path = SearchFilter.storyboard; sourceTree = "<group>"; };
		4C7011C5286B448500D4F3D7 /* SearchViewController.swift */ = {isa = PBXFileReference; fileEncoding = 4; lastKnownFileType = sourcecode.swift; path = SearchViewController.swift; sourceTree = "<group>"; };
		4C7011C6286B448500D4F3D7 /* TaskTableViewCell.swift */ = {isa = PBXFileReference; fileEncoding = 4; lastKnownFileType = sourcecode.swift; path = TaskTableViewCell.swift; sourceTree = "<group>"; };
		4C7011C8286B448500D4F3D7 /* TagFilterCollectionViewCell.swift */ = {isa = PBXFileReference; fileEncoding = 4; lastKnownFileType = sourcecode.swift; path = TagFilterCollectionViewCell.swift; sourceTree = "<group>"; };
		4C7011C9286B448500D4F3D7 /* FilterViewController.swift */ = {isa = PBXFileReference; fileEncoding = 4; lastKnownFileType = sourcecode.swift; path = FilterViewController.swift; sourceTree = "<group>"; };
		4C7011CF286B44BA00D4F3D7 /* TagFilter.swift */ = {isa = PBXFileReference; fileEncoding = 4; lastKnownFileType = sourcecode.swift; name = TagFilter.swift; path = DataStore/TagFilter.swift; sourceTree = "<group>"; };
		4C7011D0286B44BA00D4F3D7 /* OnboardingSlide.swift */ = {isa = PBXFileReference; fileEncoding = 4; lastKnownFileType = sourcecode.swift; name = OnboardingSlide.swift; path = DataStore/OnboardingSlide.swift; sourceTree = "<group>"; };
		4C7011D1286B44BA00D4F3D7 /* TaskSearch.swift */ = {isa = PBXFileReference; fileEncoding = 4; lastKnownFileType = sourcecode.swift; name = TaskSearch.swift; path = DataStore/TaskSearch.swift; sourceTree = "<group>"; };
		4C7011D6286B481E00D4F3D7 /* InitialLoadViewController.swift */ = {isa = PBXFileReference; lastKnownFileType = sourcecode.swift; path = InitialLoadViewController.swift; sourceTree = "<group>"; };
		4C7011DA286B483600D4F3D7 /* InitialLoad.storyboard */ = {isa = PBXFileReference; lastKnownFileType = file.storyboard; path = InitialLoad.storyboard; sourceTree = "<group>"; };
		4C7011DD286B610000D4F3D7 /* EditTask.storyboard */ = {isa = PBXFileReference; lastKnownFileType = file.storyboard; path = EditTask.storyboard; sourceTree = "<group>"; };
		4C7B0C5A2861EC3600A083CA /* TagsTaskDetailsTableViewCell.swift */ = {isa = PBXFileReference; lastKnownFileType = sourcecode.swift; path = TagsTaskDetailsTableViewCell.swift; sourceTree = "<group>"; };
		4C7B0C752862452700A083CA /* TagsWBCollectionViewCell.xib */ = {isa = PBXFileReference; fileEncoding = 4; lastKnownFileType = file.xib; path = TagsWBCollectionViewCell.xib; sourceTree = "<group>"; };
		4C7B0C762862452700A083CA /* TagsWBCollectionViewCell.swift */ = {isa = PBXFileReference; fileEncoding = 4; lastKnownFileType = sourcecode.swift; path = TagsWBCollectionViewCell.swift; sourceTree = "<group>"; };
		4C7B0C8228624FBF00A083CA /* TestTagCell.swift */ = {isa = PBXFileReference; lastKnownFileType = sourcecode.swift; path = TestTagCell.swift; sourceTree = "<group>"; };
		4C7B0C842862554300A083CA /* TagsAltTableViewCell.swift */ = {isa = PBXFileReference; lastKnownFileType = sourcecode.swift; path = TagsAltTableViewCell.swift; sourceTree = "<group>"; };
		4C7B0C852862554300A083CA /* TagsAltTableViewCell.xib */ = {isa = PBXFileReference; lastKnownFileType = file.xib; path = TagsAltTableViewCell.xib; sourceTree = "<group>"; };
		4C7B0C892862621800A083CA /* TextViewTaskDetailsTableViewCell.swift */ = {isa = PBXFileReference; lastKnownFileType = sourcecode.swift; path = TextViewTaskDetailsTableViewCell.swift; sourceTree = "<group>"; };
		4C7B0C8E2862680200A083CA /* TagsTaskDetailsCollectionViewCell.swift */ = {isa = PBXFileReference; lastKnownFileType = sourcecode.swift; path = TagsTaskDetailsCollectionViewCell.swift; sourceTree = "<group>"; };
		4C7B0C8F2862680200A083CA /* TagsTaskDetailsCollectionViewCell.xib */ = {isa = PBXFileReference; lastKnownFileType = file.xib; path = TagsTaskDetailsCollectionViewCell.xib; sourceTree = "<group>"; };
		4C7B0C922862690700A083CA /* TagCellDelegate.swift */ = {isa = PBXFileReference; lastKnownFileType = sourcecode.swift; path = TagCellDelegate.swift; sourceTree = "<group>"; };
		4C7B0C962862698700A083CA /* TagsTableViewCell.swift */ = {isa = PBXFileReference; lastKnownFileType = sourcecode.swift; path = TagsTableViewCell.swift; sourceTree = "<group>"; };
		4C7B0C972862698700A083CA /* TagsTableViewCell.xib */ = {isa = PBXFileReference; lastKnownFileType = file.xib; path = TagsTableViewCell.xib; sourceTree = "<group>"; };
		4C7B0C9F2863382B00A083CA /* DeleteTableViewCell.swift */ = {isa = PBXFileReference; lastKnownFileType = sourcecode.swift; path = DeleteTableViewCell.swift; sourceTree = "<group>"; };
		4C7B0CA628636EEE00A083CA /* SwitchTaskDetailsTableViewCellDelegate.swift */ = {isa = PBXFileReference; lastKnownFileType = sourcecode.swift; path = SwitchTaskDetailsTableViewCellDelegate.swift; sourceTree = "<group>"; };
		4C7B0CA82863A06800A083CA /* SwitchDelegate.swift */ = {isa = PBXFileReference; lastKnownFileType = sourcecode.swift; path = SwitchDelegate.swift; sourceTree = "<group>"; };
		4C7B0CAC28671CE400A083CA /* PickerTaskDetailsTableViewCell.swift */ = {isa = PBXFileReference; lastKnownFileType = sourcecode.swift; path = PickerTaskDetailsTableViewCell.swift; sourceTree = "<group>"; };
		4C7B0CAD28671CE400A083CA /* PickerTaskDetailsTableViewCell.xib */ = {isa = PBXFileReference; lastKnownFileType = file.xib; path = PickerTaskDetailsTableViewCell.xib; sourceTree = "<group>"; };
		4C7B0CB02867286300A083CA /* PickerTableCellPicker.swift */ = {isa = PBXFileReference; lastKnownFileType = sourcecode.swift; path = PickerTableCellPicker.swift; sourceTree = "<group>"; };
		4C7B0CB2286795E700A083CA /* AddTagsViewController.swift */ = {isa = PBXFileReference; lastKnownFileType = sourcecode.swift; path = AddTagsViewController.swift; sourceTree = "<group>"; };
		4C7B0CB6286796DE00A083CA /* TaskOptions.swift */ = {isa = PBXFileReference; lastKnownFileType = sourcecode.swift; path = TaskOptions.swift; sourceTree = "<group>"; };
		4C7B0CBA2867985100A083CA /* AddTaskViewController+Delegate.swift */ = {isa = PBXFileReference; lastKnownFileType = sourcecode.swift; path = "AddTaskViewController+Delegate.swift"; sourceTree = "<group>"; };
		A4A1DECA2869530D00DA11DB /* ColorPallete.swift */ = {isa = PBXFileReference; lastKnownFileType = sourcecode.swift; path = ColorPallete.swift; sourceTree = "<group>"; };
		A4A1DECD286953FA00DA11DB /* Timer.storyboard */ = {isa = PBXFileReference; lastKnownFileType = file.storyboard; path = Timer.storyboard; sourceTree = "<group>"; };
		A4A1DED12869552700DA11DB /* TimerViewController.swift */ = {isa = PBXFileReference; lastKnownFileType = sourcecode.swift; path = TimerViewController.swift; sourceTree = "<group>"; };
		A4A1DED42869554500DA11DB /* TimerDefaultValue.swift */ = {isa = PBXFileReference; lastKnownFileType = sourcecode.swift; path = TimerDefaultValue.swift; sourceTree = "<group>"; };
		A4A1DED62869596F00DA11DB /* TimerSetting.storyboard */ = {isa = PBXFileReference; lastKnownFileType = file.storyboard; path = TimerSetting.storyboard; sourceTree = "<group>"; };
		A4A1DEDA286959B900DA11DB /* SwitchCell.swift */ = {isa = PBXFileReference; lastKnownFileType = sourcecode.swift; path = SwitchCell.swift; sourceTree = "<group>"; };
		A4A1DEDC28695A2800DA11DB /* TimerSettingViewController.swift */ = {isa = PBXFileReference; lastKnownFileType = sourcecode.swift; path = TimerSettingViewController.swift; sourceTree = "<group>"; };
		A4A1DEDF28695AE300DA11DB /* SettingCellFill.swift */ = {isa = PBXFileReference; lastKnownFileType = sourcecode.swift; path = SettingCellFill.swift; sourceTree = "<group>"; };
		A4A1DEE128695B0C00DA11DB /* PickerViewValue.swift */ = {isa = PBXFileReference; lastKnownFileType = sourcecode.swift; path = PickerViewValue.swift; sourceTree = "<group>"; };
		A4A1DEE328695B4F00DA11DB /* FocusSetTextFieldPickerViewCell.swift */ = {isa = PBXFileReference; lastKnownFileType = sourcecode.swift; path = FocusSetTextFieldPickerViewCell.swift; sourceTree = "<group>"; };
		A4A1DEE528695B9500DA11DB /* SBreakSetTextFieldPickerViewCell.swift */ = {isa = PBXFileReference; lastKnownFileType = sourcecode.swift; path = SBreakSetTextFieldPickerViewCell.swift; sourceTree = "<group>"; };
		A4A1DEE728695BEC00DA11DB /* LBreakSetTextFieldPickerViewCell.swift */ = {isa = PBXFileReference; lastKnownFileType = sourcecode.swift; path = LBreakSetTextFieldPickerViewCell.swift; sourceTree = "<group>"; };
		A4A1DEE928695C3500DA11DB /* LBAfterSetTextFieldPickerViewCell.swift */ = {isa = PBXFileReference; lastKnownFileType = sourcecode.swift; path = LBAfterSetTextFieldPickerViewCell.swift; sourceTree = "<group>"; };
		A4A1DEEB28695C7F00DA11DB /* TextFieldExtDD.swift */ = {isa = PBXFileReference; lastKnownFileType = sourcecode.swift; path = TextFieldExtDD.swift; sourceTree = "<group>"; };
		A4A1DEEE28695CD700DA11DB /* SettingTableViewExtDD.swift */ = {isa = PBXFileReference; lastKnownFileType = sourcecode.swift; path = SettingTableViewExtDD.swift; sourceTree = "<group>"; };
		A4A1DEF028695D6800DA11DB /* PickerViewExtDD.swift */ = {isa = PBXFileReference; lastKnownFileType = sourcecode.swift; path = PickerViewExtDD.swift; sourceTree = "<group>"; };
		A4A1DEF2286960B500DA11DB /* TabBar.storyboard */ = {isa = PBXFileReference; lastKnownFileType = file.storyboard; path = TabBar.storyboard; sourceTree = "<group>"; };
		A4A1DEF5286960F600DA11DB /* TabBarViewController.swift */ = {isa = PBXFileReference; lastKnownFileType = sourcecode.swift; path = TabBarViewController.swift; sourceTree = "<group>"; };
		A4A1DEF72869613B00DA11DB /* TaskTestController.swift */ = {isa = PBXFileReference; lastKnownFileType = sourcecode.swift; path = TaskTestController.swift; sourceTree = "<group>"; };
		A4A1DEFA2869615A00DA11DB /* TaskTest.storyboard */ = {isa = PBXFileReference; lastKnownFileType = file.storyboard; path = TaskTest.storyboard; sourceTree = "<group>"; };
/* End PBXFileReference section */

/* Begin PBXFrameworksBuildPhase section */
		4C3560A02859CCD100905E01 /* Frameworks */ = {
			isa = PBXFrameworksBuildPhase;
			buildActionMask = 2147483647;
			files = (
			);
			runOnlyForDeploymentPostprocessing = 0;
		};
/* End PBXFrameworksBuildPhase section */

/* Begin PBXGroup section */
		3875D3772869B40000B7CE8E /* TaskPage */ = {
			isa = PBXGroup;
			children = (
				3875D37C2869B4B100B7CE8E /* View */,
				3875D37D2869B4C300B7CE8E /* Controller */,
			);
			path = TaskPage;
			sourceTree = "<group>";
		};
		3875D37C2869B4B100B7CE8E /* View */ = {
			isa = PBXGroup;
			children = (
				3875D3782869B48F00B7CE8E /* TaskPage.storyboard */,
				3875D3812869B85A00B7CE8E /* CollectionViewCell.xib */,
				3875D3852869B8E800B7CE8E /* TableViewCell.xib */,
			);
			path = View;
			sourceTree = "<group>";
		};
		3875D37D2869B4C300B7CE8E /* Controller */ = {
			isa = PBXGroup;
			children = (
				3875D37A2869B4A500B7CE8E /* TaskPageController.swift */,
				3875D3802869B85A00B7CE8E /* CollectionViewCell.swift */,
				3875D3842869B8E800B7CE8E /* TableViewCell.swift */,
				38904440286A044A00F16BEC /* MainTaskDelegate.swift */,
			);
			path = Controller;
			sourceTree = "<group>";
		};
		3890443D2869F7EF00F16BEC /* InfoPage */ = {
			isa = PBXGroup;
			children = (
				3890443E2869F80600F16BEC /* InfoPage.storyboard */,
			);
			path = InfoPage;
			sourceTree = "<group>";
		};
		4C0814EB285E0B0C00740CF0 /* TaskDetails */ = {
			isa = PBXGroup;
			children = (
				4C7011DC286B53AF00D4F3D7 /* Add Task */,
				4C7011AA286A03AF00D4F3D7 /* Edit Task */,
				4C530BE52868034C000A61F0 /* AddTags */,
				4C0815212860AA2800740CF0 /* Test View */,
				4C0814F1285E0B7000740CF0 /* Controller */,
				4C0814F0285E0B6700740CF0 /* View */,
				4C7011B3286B277C00D4F3D7 /* UpdatinTime.swift */,
			);
			path = TaskDetails;
			sourceTree = "<group>";
		};
		4C0814F0285E0B6700740CF0 /* View */ = {
			isa = PBXGroup;
			children = (
			);
			path = View;
			sourceTree = "<group>";
		};
		4C0814F1285E0B7000740CF0 /* Controller */ = {
			isa = PBXGroup;
			children = (
			);
			path = Controller;
			sourceTree = "<group>";
		};
		4C0814F4285E0FBC00740CF0 /* UI */ = {
			isa = PBXGroup;
			children = (
			);
			path = UI;
			sourceTree = "<group>";
		};
		4C0815212860AA2800740CF0 /* Test View */ = {
			isa = PBXGroup;
			children = (
				4C7B0CB92867983000A083CA /* Controller */,
				4C7B0CB82867978700A083CA /* TaskOptions */,
				4C0815412860FAE800740CF0 /* Tags */,
				4C08152A2860ADC200740CF0 /* Cell */,
			);
			path = "Test View";
			sourceTree = "<group>";
		};
		4C08152A2860ADC200740CF0 /* Cell */ = {
			isa = PBXGroup;
			children = (
				4C7B0CAB28671C1D00A083CA /* Picker */,
				4C7B0C9E2863381500A083CA /* Delete */,
				4C7B0C8C286267C200A083CA /* TagsCell */,
				4C7B0C8B2862677000A083CA /* TextView */,
				4C7B0C81286247F600A083CA /* TextField */,
				4C7B0C80286247CC00A083CA /* Switch */,
				4C7B0C7F286247BE00A083CA /* TaskDetails */,
				4C7B0C7E2862475A00A083CA /* DatePicker */,
				4C7B0C5A2861EC3600A083CA /* TagsTaskDetailsTableViewCell.swift */,
			);
			path = Cell;
			sourceTree = "<group>";
		};
		4C0815412860FAE800740CF0 /* Tags */ = {
			isa = PBXGroup;
			children = (
				4C7B0C7D286246E800A083CA /* Wb */,
				4C0815422860FB4200740CF0 /* TagsCollectionViewCell.swift */,
				4C0815432860FB4200740CF0 /* TagsCollectionViewCell.xib */,
				4C7B0C8228624FBF00A083CA /* TestTagCell.swift */,
			);
			path = Tags;
			sourceTree = "<group>";
		};
		4C35609A2859CCD100905E01 = {
			isa = PBXGroup;
			children = (
				4C3560A52859CCD100905E01 /* MC2-Group6 */,
				4C3560A42859CCD100905E01 /* Products */,
			);
			sourceTree = "<group>";
		};
		4C3560A42859CCD100905E01 /* Products */ = {
			isa = PBXGroup;
			children = (
				4C3560A32859CCD100905E01 /* MC2-Group6.app */,
			);
			name = Products;
			sourceTree = "<group>";
		};
		4C3560A52859CCD100905E01 /* MC2-Group6 */ = {
			isa = PBXGroup;
			children = (
				4C7011D5286B480300D4F3D7 /* InitialLoad */,
				4C7011C2286B448500D4F3D7 /* Search+Filter */,
				4C7011BB286B447900D4F3D7 /* Onboarding */,
				3890443D2869F7EF00F16BEC /* InfoPage */,
				4C3560C5285C930E00905E01 /* Feature */,
				4C3560CC285C93F200905E01 /* Themes */,
				4C3560C8285C935300905E01 /* Utilities */,
				A4A1DEF4286960BE00DA11DB /* TabBar */,
				A4A1DEF92869613F00DA11DB /* TaskTest */,
				A4A1DECF286954FC00DA11DB /* TimerPage */,
				A4A1DED82869597300DA11DB /* TimerSettingPage */,
				3875D3772869B40000B7CE8E /* TaskPage */,
				4C3560C7285C934E00905E01 /* Helper */,
				4C3560A62859CCD100905E01 /* AppDelegate.swift */,
				4C3560A82859CCD100905E01 /* SceneDelegate.swift */,
				4C3560C32859D14C00905E01 /* ButtonPageViewController.swift */,
				4C3560B22859CCD200905E01 /* Assets.xcassets */,
				4C3560B42859CCD200905E01 /* LaunchScreen.storyboard */,
				4C3560B72859CCD200905E01 /* Info.plist */,
			);
			path = "MC2-Group6";
			sourceTree = "<group>";
		};
		4C3560C5285C930E00905E01 /* Feature */ = {
			isa = PBXGroup;
			children = (
				4C0814EB285E0B0C00740CF0 /* TaskDetails */,
				4C3560CD285C958A00905E01 /* Model */,
			);
			path = Feature;
			sourceTree = "<group>";
		};
		4C3560C7285C934E00905E01 /* Helper */ = {
			isa = PBXGroup;
			children = (
				4C3560C9285C93CD00905E01 /* UINIB+Loader.swift */,
			);
			path = Helper;
			sourceTree = "<group>";
		};
		4C3560C8285C935300905E01 /* Utilities */ = {
			isa = PBXGroup;
			children = (
				4C3560CB285C93E400905E01 /* CoreData */,
			);
			path = Utilities;
			sourceTree = "<group>";
		};
		4C3560CB285C93E400905E01 /* CoreData */ = {
			isa = PBXGroup;
			children = (
				4C3560AF2859CCD100905E01 /* MC2_Group6.xcdatamodeld */,
			);
			path = CoreData;
			sourceTree = "<group>";
		};
		4C3560CC285C93F200905E01 /* Themes */ = {
			isa = PBXGroup;
			children = (
				4C0814F4285E0FBC00740CF0 /* UI */,
				A4A1DECC2869531800DA11DB /* Color */,
			);
			path = Themes;
			sourceTree = "<group>";
		};
		4C3560CD285C958A00905E01 /* Model */ = {
			isa = PBXGroup;
			children = (
				4C3560D0285C963E00905E01 /* DataStore */,
				4C7011D0286B44BA00D4F3D7 /* OnboardingSlide.swift */,
				4C7011CF286B44BA00D4F3D7 /* TagFilter.swift */,
				4C7011D1286B44BA00D4F3D7 /* TaskSearch.swift */,
				3890443B2869EA0F00F16BEC /* TaskMainPage.swift */,
				4C3560CE285C95AB00905E01 /* TaskRepository.swift */,
				3875D37E2869B6AB00B7CE8E /* Model.swift */,
			);
			path = Model;
			sourceTree = "<group>";
		};
		4C3560D0285C963E00905E01 /* DataStore */ = {
			isa = PBXGroup;
			children = (
				4C3560D1285C965500905E01 /* SeederCoreDataStore.swift */,
				4C7011A62869E59600D4F3D7 /* DataHelper.swift */,
			);
			path = DataStore;
			sourceTree = "<group>";
		};
		4C530BE52868034C000A61F0 /* AddTags */ = {
			isa = PBXGroup;
			children = (
				4C530BF7286896C3000A61F0 /* TableViewCell */,
				4C530BF428688ADA000A61F0 /* CollectionViewCell */,
			);
			path = AddTags;
			sourceTree = "<group>";
		};
		4C530BF428688ADA000A61F0 /* CollectionViewCell */ = {
			isa = PBXGroup;
			children = (
				4C530BF028688AD7000A61F0 /* AddTagsTagsCollectionViewCell.swift */,
				4C530BF128688AD7000A61F0 /* AddTagsTagsCollectionViewCell.xib */,
				4C7011B1286A521200D4F3D7 /* AddTagsTagCollectionViewDelegate.swift */,
			);
			path = CollectionViewCell;
			sourceTree = "<group>";
		};
		4C530BF7286896C3000A61F0 /* TableViewCell */ = {
			isa = PBXGroup;
			children = (
				4C530BE628680360000A61F0 /* AddTagsTagsTableViewCell.swift */,
				4C530BE728680360000A61F0 /* AddTagsTagsTableViewCell.xib */,
				4C7011A42869D60F00D4F3D7 /* TagsAddTagsCollectionViewCellDelegate.swift */,
			);
			path = TableViewCell;
			sourceTree = "<group>";
		};
		4C7011AA286A03AF00D4F3D7 /* Edit Task */ = {
			isa = PBXGroup;
			children = (
				4C7011AF286A4B6800D4F3D7 /* EditAddTagsViewController.swift */,
				4C7011AB286A03CF00D4F3D7 /* EditTaskViewController.swift */,
				4C7011DD286B610000D4F3D7 /* EditTask.storyboard */,
			);
			path = "Edit Task";
			sourceTree = "<group>";
		};
		4C7011BB286B447900D4F3D7 /* Onboarding */ = {
			isa = PBXGroup;
			children = (
				4C7011BC286B447900D4F3D7 /* OnboardingCollectionViewCell.swift */,
				4C7011BD286B447900D4F3D7 /* Onboarding.storyboard */,
				4C7011BE286B447900D4F3D7 /* OnboardingViewController.swift */,
			);
			name = Onboarding;
			path = Feature/Onboarding;
			sourceTree = "<group>";
		};
		4C7011C2286B448500D4F3D7 /* Search+Filter */ = {
			isa = PBXGroup;
			children = (
				4C7011C3286B448500D4F3D7 /* SearchFilter.storyboard */,
				4C7011C4286B448500D4F3D7 /* Search */,
				4C7011C7286B448500D4F3D7 /* Filter */,
			);
			name = "Search+Filter";
			path = "Feature/Search+Filter";
			sourceTree = "<group>";
		};
		4C7011C4286B448500D4F3D7 /* Search */ = {
			isa = PBXGroup;
			children = (
				4C7011C5286B448500D4F3D7 /* SearchViewController.swift */,
				4C7011C6286B448500D4F3D7 /* TaskTableViewCell.swift */,
			);
			path = Search;
			sourceTree = "<group>";
		};
		4C7011C7286B448500D4F3D7 /* Filter */ = {
			isa = PBXGroup;
			children = (
				4C7011C8286B448500D4F3D7 /* TagFilterCollectionViewCell.swift */,
				4C7011C9286B448500D4F3D7 /* FilterViewController.swift */,
			);
			path = Filter;
			sourceTree = "<group>";
		};
		4C7011D5286B480300D4F3D7 /* InitialLoad */ = {
			isa = PBXGroup;
			children = (
				4C7011D6286B481E00D4F3D7 /* InitialLoadViewController.swift */,
				4C7011DA286B483600D4F3D7 /* InitialLoad.storyboard */,
			);
			path = InitialLoad;
			sourceTree = "<group>";
		};
		4C7011DC286B53AF00D4F3D7 /* Add Task */ = {
			isa = PBXGroup;
			children = (
				4C0815282860AA8100740CF0 /* AddTaskViewController.swift */,
				4C7B0CBA2867985100A083CA /* AddTaskViewController+Delegate.swift */,
				4C7B0CB2286795E700A083CA /* AddTagsViewController.swift */,
				4C0815262860AA6C00740CF0 /* AddTask.storyboard */,
			);
			path = "Add Task";
			sourceTree = "<group>";
		};
		4C7B0C7D286246E800A083CA /* Wb */ = {
			isa = PBXGroup;
			children = (
				4C7B0C88286255A800A083CA /* Cell */,
				4C7B0C842862554300A083CA /* TagsAltTableViewCell.swift */,
				4C7B0C852862554300A083CA /* TagsAltTableViewCell.xib */,
			);
			path = Wb;
			sourceTree = "<group>";
		};
		4C7B0C7E2862475A00A083CA /* DatePicker */ = {
			isa = PBXGroup;
			children = (
				4C0815372860DA5000740CF0 /* DatePickerTaskDetailsTableViewCell.swift */,
				4C530BEC2868582E000A61F0 /* DatePickerTaskDetailsTableViewCellDelegate.swift */,
			);
			path = DatePicker;
			sourceTree = "<group>";
		};
		4C7B0C7F286247BE00A083CA /* TaskDetails */ = {
			isa = PBXGroup;
			children = (
				4C08152B2860AE0000740CF0 /* TaskDetailsTableViewCell.swift */,
				4C0815302860B3C600740CF0 /* TaskDetailsCell.xib */,
			);
			path = TaskDetails;
			sourceTree = "<group>";
		};
		4C7B0C80286247CC00A083CA /* Switch */ = {
			isa = PBXGroup;
			children = (
				4C0815352860CED900740CF0 /* SwitchTaskDetailsTableViewCell.swift */,
				4C7B0CA628636EEE00A083CA /* SwitchTaskDetailsTableViewCellDelegate.swift */,
				4C7B0CA82863A06800A083CA /* SwitchDelegate.swift */,
			);
			path = Switch;
			sourceTree = "<group>";
		};
		4C7B0C81286247F600A083CA /* TextField */ = {
			isa = PBXGroup;
			children = (
				4C08153B2860E2D300740CF0 /* TextFieldTaskDetailsTableViewCell.swift */,
				4C08153C2860E2D300740CF0 /* TextFieldTaskDetailsTableViewCell.xib */,
				4C530BF528689548000A61F0 /* Textfield+Delegate.swift */,
			);
			path = TextField;
			sourceTree = "<group>";
		};
		4C7B0C88286255A800A083CA /* Cell */ = {
			isa = PBXGroup;
			children = (
				4C7B0C762862452700A083CA /* TagsWBCollectionViewCell.swift */,
				4C7B0C752862452700A083CA /* TagsWBCollectionViewCell.xib */,
				4C7B0C922862690700A083CA /* TagCellDelegate.swift */,
			);
			path = Cell;
			sourceTree = "<group>";
		};
		4C7B0C8B2862677000A083CA /* TextView */ = {
			isa = PBXGroup;
			children = (
				4C7B0C892862621800A083CA /* TextViewTaskDetailsTableViewCell.swift */,
			);
			path = TextView;
			sourceTree = "<group>";
		};
		4C7B0C8C286267C200A083CA /* TagsCell */ = {
			isa = PBXGroup;
			children = (
				4C7B0C8D286267C800A083CA /* TagsCollectionView */,
				4C7B0C962862698700A083CA /* TagsTableViewCell.swift */,
				4C7011A82869FA6700D4F3D7 /* TagsTableViewCellDelegate.swift */,
				4C7B0C972862698700A083CA /* TagsTableViewCell.xib */,
			);
			path = TagsCell;
			sourceTree = "<group>";
		};
		4C7B0C8D286267C800A083CA /* TagsCollectionView */ = {
			isa = PBXGroup;
			children = (
				4C7B0C8E2862680200A083CA /* TagsTaskDetailsCollectionViewCell.swift */,
				4C7B0C8F2862680200A083CA /* TagsTaskDetailsCollectionViewCell.xib */,
				4C530BE32867A2B7000A61F0 /* TagsTaskDetailsCollectionViewCellDelegate.swift */,
			);
			path = TagsCollectionView;
			sourceTree = "<group>";
		};
		4C7B0C9E2863381500A083CA /* Delete */ = {
			isa = PBXGroup;
			children = (
				4C7B0C9F2863382B00A083CA /* DeleteTableViewCell.swift */,
			);
			path = Delete;
			sourceTree = "<group>";
		};
		4C7B0CAB28671C1D00A083CA /* Picker */ = {
			isa = PBXGroup;
			children = (
				4C7B0CAC28671CE400A083CA /* PickerTaskDetailsTableViewCell.swift */,
				4C7B0CAD28671CE400A083CA /* PickerTaskDetailsTableViewCell.xib */,
				4C7B0CB02867286300A083CA /* PickerTableCellPicker.swift */,
				4C530BEA286844A0000A61F0 /* PickerTaskDetailsTableViewCell + Delegate.swift */,
			);
			path = Picker;
			sourceTree = "<group>";
		};
		4C7B0CB82867978700A083CA /* TaskOptions */ = {
			isa = PBXGroup;
			children = (
				4C7B0CB6286796DE00A083CA /* TaskOptions.swift */,
			);
			path = TaskOptions;
			sourceTree = "<group>";
		};
		4C7B0CB92867983000A083CA /* Controller */ = {
			isa = PBXGroup;
			children = (
			);
			path = Controller;
			sourceTree = "<group>";
		};
		A4A1DECC2869531800DA11DB /* Color */ = {
			isa = PBXGroup;
			children = (
				A4A1DECA2869530D00DA11DB /* ColorPallete.swift */,
			);
			path = Color;
			sourceTree = "<group>";
		};
		A4A1DECF286954FC00DA11DB /* TimerPage */ = {
			isa = PBXGroup;
			children = (
				A4A1DED02869550600DA11DB /* View */,
				A4A1DED32869552B00DA11DB /* Controller */,
			);
			path = TimerPage;
			sourceTree = "<group>";
		};
		A4A1DED02869550600DA11DB /* View */ = {
			isa = PBXGroup;
			children = (
				A4A1DECD286953FA00DA11DB /* Timer.storyboard */,
			);
			path = View;
			sourceTree = "<group>";
		};
		A4A1DED32869552B00DA11DB /* Controller */ = {
			isa = PBXGroup;
			children = (
				A4A1DED12869552700DA11DB /* TimerViewController.swift */,
				A4A1DED42869554500DA11DB /* TimerDefaultValue.swift */,
			);
			path = Controller;
			sourceTree = "<group>";
		};
		A4A1DED82869597300DA11DB /* TimerSettingPage */ = {
			isa = PBXGroup;
			children = (
				A4A1DED92869598200DA11DB /* View */,
				A4A1DEDE28695A2C00DA11DB /* Controller */,
				A4A1DEED28695C8100DA11DB /* Extension */,
			);
			path = TimerSettingPage;
			sourceTree = "<group>";
		};
		A4A1DED92869598200DA11DB /* View */ = {
			isa = PBXGroup;
			children = (
				A4A1DED62869596F00DA11DB /* TimerSetting.storyboard */,
				A4A1DEDA286959B900DA11DB /* SwitchCell.swift */,
				A4A1DEE328695B4F00DA11DB /* FocusSetTextFieldPickerViewCell.swift */,
				A4A1DEE528695B9500DA11DB /* SBreakSetTextFieldPickerViewCell.swift */,
				A4A1DEE728695BEC00DA11DB /* LBreakSetTextFieldPickerViewCell.swift */,
				A4A1DEE928695C3500DA11DB /* LBAfterSetTextFieldPickerViewCell.swift */,
			);
			path = View;
			sourceTree = "<group>";
		};
		A4A1DEDE28695A2C00DA11DB /* Controller */ = {
			isa = PBXGroup;
			children = (
				A4A1DEDC28695A2800DA11DB /* TimerSettingViewController.swift */,
				A4A1DEDF28695AE300DA11DB /* SettingCellFill.swift */,
				A4A1DEE128695B0C00DA11DB /* PickerViewValue.swift */,
			);
			path = Controller;
			sourceTree = "<group>";
		};
		A4A1DEED28695C8100DA11DB /* Extension */ = {
			isa = PBXGroup;
			children = (
				A4A1DEEB28695C7F00DA11DB /* TextFieldExtDD.swift */,
				A4A1DEEE28695CD700DA11DB /* SettingTableViewExtDD.swift */,
				A4A1DEF028695D6800DA11DB /* PickerViewExtDD.swift */,
			);
			path = Extension;
			sourceTree = "<group>";
		};
		A4A1DEF4286960BE00DA11DB /* TabBar */ = {
			isa = PBXGroup;
			children = (
				A4A1DEF2286960B500DA11DB /* TabBar.storyboard */,
				A4A1DEF5286960F600DA11DB /* TabBarViewController.swift */,
			);
			path = TabBar;
			sourceTree = "<group>";
		};
		A4A1DEF92869613F00DA11DB /* TaskTest */ = {
			isa = PBXGroup;
			children = (
				A4A1DEFA2869615A00DA11DB /* TaskTest.storyboard */,
				A4A1DEF72869613B00DA11DB /* TaskTestController.swift */,
			);
			path = TaskTest;
			sourceTree = "<group>";
		};
/* End PBXGroup section */

/* Begin PBXNativeTarget section */
		4C3560A22859CCD100905E01 /* MC2-Group6 */ = {
			isa = PBXNativeTarget;
			buildConfigurationList = 4C3560BA2859CCD200905E01 /* Build configuration list for PBXNativeTarget "MC2-Group6" */;
			buildPhases = (
				4C35609F2859CCD100905E01 /* Sources */,
				4C3560A02859CCD100905E01 /* Frameworks */,
				4C3560A12859CCD100905E01 /* Resources */,
			);
			buildRules = (
			);
			dependencies = (
			);
			name = "MC2-Group6";
			productName = "MC2-Group6";
			productReference = 4C3560A32859CCD100905E01 /* MC2-Group6.app */;
			productType = "com.apple.product-type.application";
		};
/* End PBXNativeTarget section */

/* Begin PBXProject section */
		4C35609B2859CCD100905E01 /* Project object */ = {
			isa = PBXProject;
			attributes = {
				BuildIndependentTargetsInParallel = 1;
				LastSwiftUpdateCheck = 1330;
				LastUpgradeCheck = 1330;
				TargetAttributes = {
					4C3560A22859CCD100905E01 = {
						CreatedOnToolsVersion = 13.3;
					};
				};
			};
			buildConfigurationList = 4C35609E2859CCD100905E01 /* Build configuration list for PBXProject "MC2-Group6" */;
			compatibilityVersion = "Xcode 13.0";
			developmentRegion = en;
			hasScannedForEncodings = 0;
			knownRegions = (
				en,
				Base,
			);
			mainGroup = 4C35609A2859CCD100905E01;
			productRefGroup = 4C3560A42859CCD100905E01 /* Products */;
			projectDirPath = "";
			projectRoot = "";
			targets = (
				4C3560A22859CCD100905E01 /* MC2-Group6 */,
			);
		};
/* End PBXProject section */

/* Begin PBXResourcesBuildPhase section */
		4C3560A12859CCD100905E01 /* Resources */ = {
			isa = PBXResourcesBuildPhase;
			buildActionMask = 2147483647;
			files = (
				4C530BE928680360000A61F0 /* AddTagsTagsTableViewCell.xib in Resources */,
				3875D3792869B48F00B7CE8E /* TaskPage.storyboard in Resources */,
				A4A1DEF3286960B500DA11DB /* TabBar.storyboard in Resources */,
				4C7B0C912862680200A083CA /* TagsTaskDetailsCollectionViewCell.xib in Resources */,
				4C0815322860B3C600740CF0 /* TaskDetailsCell.xib in Resources */,
				4C530BF328688AD7000A61F0 /* AddTagsTagsCollectionViewCell.xib in Resources */,
				A4A1DED72869596F00DA11DB /* TimerSetting.storyboard in Resources */,
				4C08153E2860E2D300740CF0 /* TextFieldTaskDetailsTableViewCell.xib in Resources */,
				4C7B0C992862698700A083CA /* TagsTableViewCell.xib in Resources */,
				A4A1DEFB2869615A00DA11DB /* TaskTest.storyboard in Resources */,
				4C0815272860AA6C00740CF0 /* AddTask.storyboard in Resources */,
				4C7011C0286B447900D4F3D7 /* Onboarding.storyboard in Resources */,
				4C7B0C872862554300A083CA /* TagsAltTableViewCell.xib in Resources */,
				4C7011CA286B448500D4F3D7 /* SearchFilter.storyboard in Resources */,
				3875D3872869B8E800B7CE8E /* TableViewCell.xib in Resources */,
				4C0815452860FB4200740CF0 /* TagsCollectionViewCell.xib in Resources */,
				4C7B0CAF28671CE400A083CA /* PickerTaskDetailsTableViewCell.xib in Resources */,
				4C7011DB286B483600D4F3D7 /* InitialLoad.storyboard in Resources */,
				3875D3832869B85A00B7CE8E /* CollectionViewCell.xib in Resources */,
				A4A1DECE286953FA00DA11DB /* Timer.storyboard in Resources */,
				4C7B0C772862452700A083CA /* TagsWBCollectionViewCell.xib in Resources */,
				4C3560B62859CCD200905E01 /* LaunchScreen.storyboard in Resources */,
				4C3560B32859CCD200905E01 /* Assets.xcassets in Resources */,
				4C7011DE286B610000D4F3D7 /* EditTask.storyboard in Resources */,
				3890443F2869F80600F16BEC /* InfoPage.storyboard in Resources */,
			);
			runOnlyForDeploymentPostprocessing = 0;
		};
/* End PBXResourcesBuildPhase section */

/* Begin PBXSourcesBuildPhase section */
		4C35609F2859CCD100905E01 /* Sources */ = {
			isa = PBXSourcesBuildPhase;
			buildActionMask = 2147483647;
			files = (
				A4A1DED22869552700DA11DB /* TimerViewController.swift in Sources */,
				4C7B0C932862690700A083CA /* TagCellDelegate.swift in Sources */,
				4C7011CE286B448500D4F3D7 /* FilterViewController.swift in Sources */,
				4C7B0C8A2862621800A083CA /* TextViewTaskDetailsTableViewCell.swift in Sources */,
				A4A1DEE628695B9500DA11DB /* SBreakSetTextFieldPickerViewCell.swift in Sources */,
				4C3560CA285C93CD00905E01 /* UINIB+Loader.swift in Sources */,
				4C7B0CBB2867985100A083CA /* AddTaskViewController+Delegate.swift in Sources */,
				4C7011CB286B448500D4F3D7 /* SearchViewController.swift in Sources */,
				4C7011CC286B448500D4F3D7 /* TaskTableViewCell.swift in Sources */,
				A4A1DEE028695AE300DA11DB /* SettingCellFill.swift in Sources */,
				4C7B0CA12863382B00A083CA /* DeleteTableViewCell.swift in Sources */,
				4C7B0CA728636EEE00A083CA /* SwitchTaskDetailsTableViewCellDelegate.swift in Sources */,
				4C3560C42859D14C00905E01 /* ButtonPageViewController.swift in Sources */,
				4C7011C1286B447900D4F3D7 /* OnboardingViewController.swift in Sources */,
				4C3560D2285C965500905E01 /* SeederCoreDataStore.swift in Sources */,
				A4A1DEEF28695CD700DA11DB /* SettingTableViewExtDD.swift in Sources */,
				A4A1DEE428695B4F00DA11DB /* FocusSetTextFieldPickerViewCell.swift in Sources */,
				4C0815292860AA8100740CF0 /* AddTaskViewController.swift in Sources */,
				A4A1DED52869554500DA11DB /* TimerDefaultValue.swift in Sources */,
				4C0815442860FB4200740CF0 /* TagsCollectionViewCell.swift in Sources */,
				4C7B0CB7286796DE00A083CA /* TaskOptions.swift in Sources */,
				38904441286A044A00F16BEC /* MainTaskDelegate.swift in Sources */,
				4C7011A52869D60F00D4F3D7 /* TagsAddTagsCollectionViewCellDelegate.swift in Sources */,
				A4A1DEEC28695C7F00DA11DB /* TextFieldExtDD.swift in Sources */,
				3875D37B2869B4A500B7CE8E /* TaskPageController.swift in Sources */,
				4C7B0C862862554300A083CA /* TagsAltTableViewCell.swift in Sources */,
				A4A1DEF128695D6800DA11DB /* PickerViewExtDD.swift in Sources */,
				4C7011D8286B481E00D4F3D7 /* InitialLoadViewController.swift in Sources */,
				4C7011CD286B448500D4F3D7 /* TagFilterCollectionViewCell.swift in Sources */,
				4C530BE42867A2B7000A61F0 /* TagsTaskDetailsCollectionViewCellDelegate.swift in Sources */,
				4C530BF628689548000A61F0 /* Textfield+Delegate.swift in Sources */,
				A4A1DEE828695BEC00DA11DB /* LBreakSetTextFieldPickerViewCell.swift in Sources */,
				3890443C2869EA0F00F16BEC /* TaskMainPage.swift in Sources */,
				A4A1DEF82869613B00DA11DB /* TaskTestController.swift in Sources */,
				4C7B0C782862452700A083CA /* TagsWBCollectionViewCell.swift in Sources */,
				4C3560A72859CCD100905E01 /* AppDelegate.swift in Sources */,
				4C7011B4286B277C00D4F3D7 /* UpdatinTime.swift in Sources */,
				A4A1DEE228695B0C00DA11DB /* PickerViewValue.swift in Sources */,
				A4A1DEDD28695A2800DA11DB /* TimerSettingViewController.swift in Sources */,
				4C7B0C902862680200A083CA /* TagsTaskDetailsCollectionViewCell.swift in Sources */,
				4C7B0CB4286795E700A083CA /* AddTagsViewController.swift in Sources */,
				4C7B0CA92863A06800A083CA /* SwitchDelegate.swift in Sources */,
				4C7B0C8328624FBF00A083CA /* TestTagCell.swift in Sources */,
				A4A1DEF6286960F600DA11DB /* TabBarViewController.swift in Sources */,
				4C530BEB286844A0000A61F0 /* PickerTaskDetailsTableViewCell + Delegate.swift in Sources */,
				4C530BE828680360000A61F0 /* AddTagsTagsTableViewCell.swift in Sources */,
				4C530BF228688AD7000A61F0 /* AddTagsTagsCollectionViewCell.swift in Sources */,
				4C3560A92859CCD100905E01 /* SceneDelegate.swift in Sources */,
				A4A1DECB2869530D00DA11DB /* ColorPallete.swift in Sources */,
				4C7B0C5B2861EC3600A083CA /* TagsTaskDetailsTableViewCell.swift in Sources */,
				4C7B0CB12867286300A083CA /* PickerTableCellPicker.swift in Sources */,
				4C3560B12859CCD100905E01 /* MC2_Group6.xcdatamodeld in Sources */,
				4C7011A92869FA6700D4F3D7 /* TagsTableViewCellDelegate.swift in Sources */,
				4C0815362860CED900740CF0 /* SwitchTaskDetailsTableViewCell.swift in Sources */,
				3875D3822869B85A00B7CE8E /* CollectionViewCell.swift in Sources */,
				4C7011D3286B44BA00D4F3D7 /* OnboardingSlide.swift in Sources */,
				4C7011D4286B44BA00D4F3D7 /* TaskSearch.swift in Sources */,
				A4A1DEEA28695C3500DA11DB /* LBAfterSetTextFieldPickerViewCell.swift in Sources */,
				4C08153D2860E2D300740CF0 /* TextFieldTaskDetailsTableViewCell.swift in Sources */,
				4C530BED2868582E000A61F0 /* DatePickerTaskDetailsTableViewCellDelegate.swift in Sources */,
				4C7011B2286A521200D4F3D7 /* AddTagsTagCollectionViewDelegate.swift in Sources */,
				4C7B0CAE28671CE400A083CA /* PickerTaskDetailsTableViewCell.swift in Sources */,
				4C7011BF286B447900D4F3D7 /* OnboardingCollectionViewCell.swift in Sources */,
				4C7011D2286B44BA00D4F3D7 /* TagFilter.swift in Sources */,
				4C3560CF285C95AB00905E01 /* TaskRepository.swift in Sources */,
				4C7011AD286A03CF00D4F3D7 /* EditTaskViewController.swift in Sources */,
				4C08152C2860AE0000740CF0 /* TaskDetailsTableViewCell.swift in Sources */,
				A4A1DEDB286959B900DA11DB /* SwitchCell.swift in Sources */,
				3875D37F2869B6AB00B7CE8E /* Model.swift in Sources */,
				3875D3862869B8E800B7CE8E /* TableViewCell.swift in Sources */,
				4C7B0C982862698700A083CA /* TagsTableViewCell.swift in Sources */,
				4C7011B0286A4B6800D4F3D7 /* EditAddTagsViewController.swift in Sources */,
				4C0815382860DA5000740CF0 /* DatePickerTaskDetailsTableViewCell.swift in Sources */,
				4C7011A72869E59600D4F3D7 /* DataHelper.swift in Sources */,
			);
			runOnlyForDeploymentPostprocessing = 0;
		};
/* End PBXSourcesBuildPhase section */

/* Begin PBXVariantGroup section */
		4C3560B42859CCD200905E01 /* LaunchScreen.storyboard */ = {
			isa = PBXVariantGroup;
			children = (
				4C3560B52859CCD200905E01 /* Base */,
			);
			name = LaunchScreen.storyboard;
			sourceTree = "<group>";
		};
/* End PBXVariantGroup section */

/* Begin XCBuildConfiguration section */
		4C3560B82859CCD200905E01 /* Debug */ = {
			isa = XCBuildConfiguration;
			buildSettings = {
				ALWAYS_SEARCH_USER_PATHS = NO;
				CLANG_ANALYZER_NONNULL = YES;
				CLANG_ANALYZER_NUMBER_OBJECT_CONVERSION = YES_AGGRESSIVE;
				CLANG_CXX_LANGUAGE_STANDARD = "gnu++17";
				CLANG_ENABLE_MODULES = YES;
				CLANG_ENABLE_OBJC_ARC = YES;
				CLANG_ENABLE_OBJC_WEAK = YES;
				CLANG_WARN_BLOCK_CAPTURE_AUTORELEASING = YES;
				CLANG_WARN_BOOL_CONVERSION = YES;
				CLANG_WARN_COMMA = YES;
				CLANG_WARN_CONSTANT_CONVERSION = YES;
				CLANG_WARN_DEPRECATED_OBJC_IMPLEMENTATIONS = YES;
				CLANG_WARN_DIRECT_OBJC_ISA_USAGE = YES_ERROR;
				CLANG_WARN_DOCUMENTATION_COMMENTS = YES;
				CLANG_WARN_EMPTY_BODY = YES;
				CLANG_WARN_ENUM_CONVERSION = YES;
				CLANG_WARN_INFINITE_RECURSION = YES;
				CLANG_WARN_INT_CONVERSION = YES;
				CLANG_WARN_NON_LITERAL_NULL_CONVERSION = YES;
				CLANG_WARN_OBJC_IMPLICIT_RETAIN_SELF = YES;
				CLANG_WARN_OBJC_LITERAL_CONVERSION = YES;
				CLANG_WARN_OBJC_ROOT_CLASS = YES_ERROR;
				CLANG_WARN_QUOTED_INCLUDE_IN_FRAMEWORK_HEADER = YES;
				CLANG_WARN_RANGE_LOOP_ANALYSIS = YES;
				CLANG_WARN_STRICT_PROTOTYPES = YES;
				CLANG_WARN_SUSPICIOUS_MOVE = YES;
				CLANG_WARN_UNGUARDED_AVAILABILITY = YES_AGGRESSIVE;
				CLANG_WARN_UNREACHABLE_CODE = YES;
				CLANG_WARN__DUPLICATE_METHOD_MATCH = YES;
				COPY_PHASE_STRIP = NO;
				DEBUG_INFORMATION_FORMAT = dwarf;
				ENABLE_STRICT_OBJC_MSGSEND = YES;
				ENABLE_TESTABILITY = YES;
				GCC_C_LANGUAGE_STANDARD = gnu11;
				GCC_DYNAMIC_NO_PIC = NO;
				GCC_NO_COMMON_BLOCKS = YES;
				GCC_OPTIMIZATION_LEVEL = 0;
				GCC_PREPROCESSOR_DEFINITIONS = (
					"DEBUG=1",
					"$(inherited)",
				);
				GCC_WARN_64_TO_32_BIT_CONVERSION = YES;
				GCC_WARN_ABOUT_RETURN_TYPE = YES_ERROR;
				GCC_WARN_UNDECLARED_SELECTOR = YES;
				GCC_WARN_UNINITIALIZED_AUTOS = YES_AGGRESSIVE;
				GCC_WARN_UNUSED_FUNCTION = YES;
				GCC_WARN_UNUSED_VARIABLE = YES;
				IPHONEOS_DEPLOYMENT_TARGET = 15.4;
				MTL_ENABLE_DEBUG_INFO = INCLUDE_SOURCE;
				MTL_FAST_MATH = YES;
				ONLY_ACTIVE_ARCH = YES;
				SDKROOT = iphoneos;
				SWIFT_ACTIVE_COMPILATION_CONDITIONS = DEBUG;
				SWIFT_OPTIMIZATION_LEVEL = "-Onone";
			};
			name = Debug;
		};
		4C3560B92859CCD200905E01 /* Release */ = {
			isa = XCBuildConfiguration;
			buildSettings = {
				ALWAYS_SEARCH_USER_PATHS = NO;
				CLANG_ANALYZER_NONNULL = YES;
				CLANG_ANALYZER_NUMBER_OBJECT_CONVERSION = YES_AGGRESSIVE;
				CLANG_CXX_LANGUAGE_STANDARD = "gnu++17";
				CLANG_ENABLE_MODULES = YES;
				CLANG_ENABLE_OBJC_ARC = YES;
				CLANG_ENABLE_OBJC_WEAK = YES;
				CLANG_WARN_BLOCK_CAPTURE_AUTORELEASING = YES;
				CLANG_WARN_BOOL_CONVERSION = YES;
				CLANG_WARN_COMMA = YES;
				CLANG_WARN_CONSTANT_CONVERSION = YES;
				CLANG_WARN_DEPRECATED_OBJC_IMPLEMENTATIONS = YES;
				CLANG_WARN_DIRECT_OBJC_ISA_USAGE = YES_ERROR;
				CLANG_WARN_DOCUMENTATION_COMMENTS = YES;
				CLANG_WARN_EMPTY_BODY = YES;
				CLANG_WARN_ENUM_CONVERSION = YES;
				CLANG_WARN_INFINITE_RECURSION = YES;
				CLANG_WARN_INT_CONVERSION = YES;
				CLANG_WARN_NON_LITERAL_NULL_CONVERSION = YES;
				CLANG_WARN_OBJC_IMPLICIT_RETAIN_SELF = YES;
				CLANG_WARN_OBJC_LITERAL_CONVERSION = YES;
				CLANG_WARN_OBJC_ROOT_CLASS = YES_ERROR;
				CLANG_WARN_QUOTED_INCLUDE_IN_FRAMEWORK_HEADER = YES;
				CLANG_WARN_RANGE_LOOP_ANALYSIS = YES;
				CLANG_WARN_STRICT_PROTOTYPES = YES;
				CLANG_WARN_SUSPICIOUS_MOVE = YES;
				CLANG_WARN_UNGUARDED_AVAILABILITY = YES_AGGRESSIVE;
				CLANG_WARN_UNREACHABLE_CODE = YES;
				CLANG_WARN__DUPLICATE_METHOD_MATCH = YES;
				COPY_PHASE_STRIP = NO;
				DEBUG_INFORMATION_FORMAT = "dwarf-with-dsym";
				ENABLE_NS_ASSERTIONS = NO;
				ENABLE_STRICT_OBJC_MSGSEND = YES;
				GCC_C_LANGUAGE_STANDARD = gnu11;
				GCC_NO_COMMON_BLOCKS = YES;
				GCC_WARN_64_TO_32_BIT_CONVERSION = YES;
				GCC_WARN_ABOUT_RETURN_TYPE = YES_ERROR;
				GCC_WARN_UNDECLARED_SELECTOR = YES;
				GCC_WARN_UNINITIALIZED_AUTOS = YES_AGGRESSIVE;
				GCC_WARN_UNUSED_FUNCTION = YES;
				GCC_WARN_UNUSED_VARIABLE = YES;
				IPHONEOS_DEPLOYMENT_TARGET = 15.4;
				MTL_ENABLE_DEBUG_INFO = NO;
				MTL_FAST_MATH = YES;
				SDKROOT = iphoneos;
				SWIFT_COMPILATION_MODE = wholemodule;
				SWIFT_OPTIMIZATION_LEVEL = "-O";
				VALIDATE_PRODUCT = YES;
			};
			name = Release;
		};
		4C3560BB2859CCD200905E01 /* Debug */ = {
			isa = XCBuildConfiguration;
			buildSettings = {
				ASSETCATALOG_COMPILER_APPICON_NAME = AppIcon;
				ASSETCATALOG_COMPILER_GLOBAL_ACCENT_COLOR_NAME = AccentColor;
				CODE_SIGN_STYLE = Automatic;
				CURRENT_PROJECT_VERSION = 1;
				DEVELOPMENT_TEAM = Y8686RJS9V;
				GENERATE_INFOPLIST_FILE = YES;
				INFOPLIST_FILE = "MC2-Group6/Info.plist";
				INFOPLIST_KEY_UIApplicationSupportsIndirectInputEvents = YES;
				INFOPLIST_KEY_UILaunchStoryboardName = LaunchScreen;
				INFOPLIST_KEY_UIMainStoryboardFile = InitialLoad;
				INFOPLIST_KEY_UISupportedInterfaceOrientations_iPad = "UIInterfaceOrientationPortrait UIInterfaceOrientationPortraitUpsideDown UIInterfaceOrientationLandscapeLeft UIInterfaceOrientationLandscapeRight";
				INFOPLIST_KEY_UISupportedInterfaceOrientations_iPhone = "UIInterfaceOrientationPortrait UIInterfaceOrientationLandscapeLeft UIInterfaceOrientationLandscapeRight";
				LD_RUNPATH_SEARCH_PATHS = (
					"$(inherited)",
					"@executable_path/Frameworks",
				);
				MARKETING_VERSION = 1.0;
				PRODUCT_BUNDLE_IDENTIFIER = "appleAcademy.MC2-Group6";
				PRODUCT_NAME = "$(TARGET_NAME)";
				SWIFT_EMIT_LOC_STRINGS = YES;
				SWIFT_VERSION = 5.0;
				TARGETED_DEVICE_FAMILY = "1,2";
			};
			name = Debug;
		};
		4C3560BC2859CCD200905E01 /* Release */ = {
			isa = XCBuildConfiguration;
			buildSettings = {
				ASSETCATALOG_COMPILER_APPICON_NAME = AppIcon;
				ASSETCATALOG_COMPILER_GLOBAL_ACCENT_COLOR_NAME = AccentColor;
				CODE_SIGN_STYLE = Automatic;
				CURRENT_PROJECT_VERSION = 1;
				DEVELOPMENT_TEAM = Y8686RJS9V;
				GENERATE_INFOPLIST_FILE = YES;
				INFOPLIST_FILE = "MC2-Group6/Info.plist";
				INFOPLIST_KEY_UIApplicationSupportsIndirectInputEvents = YES;
				INFOPLIST_KEY_UILaunchStoryboardName = LaunchScreen;
				INFOPLIST_KEY_UIMainStoryboardFile = InitialLoad;
				INFOPLIST_KEY_UISupportedInterfaceOrientations_iPad = "UIInterfaceOrientationPortrait UIInterfaceOrientationPortraitUpsideDown UIInterfaceOrientationLandscapeLeft UIInterfaceOrientationLandscapeRight";
				INFOPLIST_KEY_UISupportedInterfaceOrientations_iPhone = "UIInterfaceOrientationPortrait UIInterfaceOrientationLandscapeLeft UIInterfaceOrientationLandscapeRight";
				LD_RUNPATH_SEARCH_PATHS = (
					"$(inherited)",
					"@executable_path/Frameworks",
				);
				MARKETING_VERSION = 1.0;
				PRODUCT_BUNDLE_IDENTIFIER = "appleAcademy.MC2-Group6";
				PRODUCT_NAME = "$(TARGET_NAME)";
				SWIFT_EMIT_LOC_STRINGS = YES;
				SWIFT_VERSION = 5.0;
				TARGETED_DEVICE_FAMILY = "1,2";
			};
			name = Release;
		};
/* End XCBuildConfiguration section */

/* Begin XCConfigurationList section */
		4C35609E2859CCD100905E01 /* Build configuration list for PBXProject "MC2-Group6" */ = {
			isa = XCConfigurationList;
			buildConfigurations = (
				4C3560B82859CCD200905E01 /* Debug */,
				4C3560B92859CCD200905E01 /* Release */,
			);
			defaultConfigurationIsVisible = 0;
			defaultConfigurationName = Release;
		};
		4C3560BA2859CCD200905E01 /* Build configuration list for PBXNativeTarget "MC2-Group6" */ = {
			isa = XCConfigurationList;
			buildConfigurations = (
				4C3560BB2859CCD200905E01 /* Debug */,
				4C3560BC2859CCD200905E01 /* Release */,
			);
			defaultConfigurationIsVisible = 0;
			defaultConfigurationName = Release;
		};
/* End XCConfigurationList section */

/* Begin XCVersionGroup section */
		4C3560AF2859CCD100905E01 /* MC2_Group6.xcdatamodeld */ = {
			isa = XCVersionGroup;
			children = (
				4C3560B02859CCD100905E01 /* MC2_Group6.xcdatamodel */,
			);
			currentVersion = 4C3560B02859CCD100905E01 /* MC2_Group6.xcdatamodel */;
			path = MC2_Group6.xcdatamodeld;
			sourceTree = "<group>";
			versionGroupType = wrapper.xcdatamodel;
		};
/* End XCVersionGroup section */
	};
	rootObject = 4C35609B2859CCD100905E01 /* Project object */;
}
